{
  "version": 4,
  "terraform_version": "1.14.8",
  "serial": 39,
  "lineage": "fa8d8caf-5699-2202-37f4-ae40804f2af6",
  "outputs": {
    "aws_region": {
      "value": "ap-south-1",
      "type": "string"
    },
    "configure_kubectl_command": {
      "value": "aws eks --region ap-south-1 update-kubeconfig --name cloudpulse-cnapp-eks",
      "type": "string"
    },
    "dspm_vault_bucket_name": {
      "value": "cloudpulse-restricted-data-vault-20260912063801589000000001",
      "type": "string"
    },
    "ecr_repository_url": {
      "value": "756501293726.dkr.ecr.ap-south-1.amazonaws.com/cloudpulse-telemetry-engine",
      "type": "string"
    },
    "eks_cluster_endpoint": {
      "value": "https://5E8C820AACBC7B2B60F7E68E82E5D4B6.gr7.ap-south-1.eks.amazonaws.com",
      "type": "string"
    },
    "eks_cluster_name": {
      "value": "cloudpulse-cnapp-eks",
      "type": "string"
    },
    "github_actions_role_arn": {
      "value": "arn:aws:iam::756501293726:role/cloudpulse-cnapp-eks-github-deployer-role",
      "type": "string"
    }
  },
  "resources": [
    {
      "mode": "data",
      "type": "aws_availability_zones",
      "name": "available",
      "provider": "provider[\"registry.terraform.io/hashicorp/aws\"]",
      "instances": [
        {
          "schema_version": 0,
          "attributes": {
            "all_availability_zones": null,
            "exclude_names": null,
            "exclude_zone_ids": null,
            "filter": null,
            "group_names": [
              "ap-south-1-zg-1"
            ],
            "id": "ap-south-1",
            "names": [
              "ap-south-1a",
              "ap-south-1b",
              "ap-south-1c"
            ],
            "state": "available",
            "timeouts": null,
            "zone_ids": [
              "aps1-az1",
              "aps1-az3",
              "aps1-az2"
            ]
          },
          "sensitive_attributes": [],
          "identity_schema_version": 0
        }
      ]
    },
    {
      "mode": "data",
      "type": "aws_caller_identity",
      "name": "current",
      "provider": "provider[\"registry.terraform.io/hashicorp/aws\"]",
      "instances": [
        {
          "schema_version": 0,
          "attributes": {
            "account_id": "756501293726",
            "arn": "arn:aws:iam::756501293726:user/dsharma1",
            "id": "756501293726",
            "user_id": "AIDA3AIX5VKPJSKIY7GG7"
          },
          "sensitive_attributes": [],
          "identity_schema_version": 0
        }
      ]
    },
    {
      "mode": "data",
      "type": "tls_certificate",
      "name": "eks_oidc",
      "provider": "provider[\"registry.terraform.io/hashicorp/tls\"]",
      "instances": [
        {
          "schema_version": 0,
          "attributes": {
            "certificates": [
              {
                "cert_pem": "-----BEGIN CERTIFICATE-----\nMIIEkjCCA3qgAwIBAgITBn+USionzfP6wq4rAfkI7rnExjANBgkqhkiG9w0BAQsF\nADCBmDELMAkGA1UEBhMCVVMxEDAOBgNVBAgTB0FyaXpvbmExEzARBgNVBAcTClNj\nb3R0c2RhbGUxJTAjBgNVBAoTHFN0YXJmaWVsZCBUZWNobm9sb2dpZXMsIEluYy4x\nOzA5BgNVBAMTMlN0YXJmaWVsZCBTZXJ2aWNlcyBSb290IENlcnRpZmljYXRlIEF1\ndGhvcml0eSAtIEcyMB4XDTE1MDUyNTEyMDAwMFoXDTM3MTIzMTAxMDAwMFowOTEL\nMAkGA1UEBhMCVVMxDzANBgNVBAoTBkFtYXpvbjEZMBcGA1UEAxMQQW1hem9uIFJv\nb3QgQ0EgMTCCASIwDQYJKoZIhvcNAQEBBQADggEPADCCAQoCggEBALJ4gHHKeNXj\nca9HgFB0fW7Y14h29Jlo91ghYPl0hAEvrAIthtOgQ3pOsqTQNroBvo3bSMgHFzZM\n9O6II8c+6zf1tRn4SWiw3te5djgdYZ6k/oI2peVKVuRF4fn9tBb6dNqcmzU5L/qw\nIFAGbHrQgLKm+a/sRxmPUDgH3KKHOVj4utWp+UhnMJbulHheb4mjUcAwhmahRWa6\nVOujw5H5SNz/0egwLX0tdHA114gk957EWW67c4cX8jJGKLhD+rcdqsq08p8kDi1L\n93FcXmn/6pUCyziKrlA4b9v7LWIbxcceVOF34GfID5yHI9Y/QCB/IIDEgEw+OyQm\njgSubJrIqg0CAwEAAaOCATEwggEtMA8GA1UdEwEB/wQFMAMBAf8wDgYDVR0PAQH/\nBAQDAgGGMB0GA1UdDgQWBBSEGMyFNOy8DJSULghZnMeyEE4KCDAfBgNVHSMEGDAW\ngBScXwDfqgHXMCs4iKK4bUqc8hGRgzB4BggrBgEFBQcBAQRsMGowLgYIKwYBBQUH\nMAGGImh0dHA6Ly9vY3NwLnJvb3RnMi5hbWF6b250cnVzdC5jb20wOAYIKwYBBQUH\nMAKGLGh0dHA6Ly9jcnQucm9vdGcyLmFtYXpvbnRydXN0LmNvbS9yb290ZzIuY2Vy\nMD0GA1UdHwQ2MDQwMqAwoC6GLGh0dHA6Ly9jcmwucm9vdGcyLmFtYXpvbnRydXN0\nLmNvbS9yb290ZzIuY3JsMBEGA1UdIAQKMAgwBgYEVR0gADANBgkqhkiG9w0BAQsF\nAAOCAQEAYjdCXLwQtT6LLOkMm2xF4gcAevnFWAu5CIw+7bMlPLVvUOTNNWqnkzSW\nMiGpSESrnO09tKpzbeR/FoCJbM8oAxiDR3mjEH4wW6w7sGDgd9QIpuEdfF7Au/ma\neyKdpwAJfqxGF4PcnCZXmTA5YpaP7dreqsXMGz7KQ2hsVxa81Q4gLv7/wmpdLqBK\nbRRYh5TmOTFffHPLkIhqhBGWJ6bt2YFGpn6jcgAKUj6DiAdjd4lpFw85hdKrCEVN\n0FE6/V1dN2RMfjCyVSRCnTawXZwXgWHxyvkQAiSr6w10kY17RSlQOYiypok1JR4U\nakcjMS9cmvqtmg5iUaQqqcT5NJ0hGA==\n-----END CERTIFICATE-----\n",
                "is_ca": true,
                "issuer": "CN=Starfield Services Root Certificate Authority - G2,O=Starfield Technologies\\, Inc.,L=Scottsdale,ST=Arizona,C=US",
                "max_path_length": -1,
                "not_after": "2037-12-31T01:00:00Z",
                "not_before": "2015-05-25T12:00:00Z",
                "public_key_algorithm": "RSA",
                "serial_number": "144918191876577076464031512351042010504348870",
                "sha1_fingerprint": "06b25927c42a721631c1efd9431e648fa62e1e39",
                "signature_algorithm": "SHA256-RSA",
                "subject": "CN=Amazon Root CA 1,O=Amazon,C=US",
                "version": 3
              },
              {
                "cert_pem": "-----BEGIN CERTIFICATE-----\nMIIEXjCCA0agAwIBAgITB3MSOAudZoijOx7Zv5zNpo4ODzANBgkqhkiG9w0BAQsF\nADA5MQswCQYDVQQGEwJVUzEPMA0GA1UEChMGQW1hem9uMRkwFwYDVQQDExBBbWF6\nb24gUm9vdCBDQSAxMB4XDTIyMDgyMzIyMjEyOFoXDTMwMDgyMzIyMjEyOFowPDEL\nMAkGA1UEBhMCVVMxDzANBgNVBAoTBkFtYXpvbjEcMBoGA1UEAxMTQW1hem9uIFJT\nQSAyMDQ4IE0wMTCCASIwDQYJKoZIhvcNAQEBBQADggEPADCCAQoCggEBAOtxLKnL\nH4gokjIwr4pXD3i3NyWVVYesZ1yX0yLI2qIUZ2t88Gfa4gMqs1YSXca1R/lnCKeT\nepWSGA+0+fkQNpp/L4C2T7oTTsddUx7g3ZYzByDTlrwS5HRQQqEFE3O1T5tEJP4t\nf+28IoXsNiEzl3UGzicYgtzj2cWCB41eJgEmJmcf2T8TzzK6a614ZPyq/w4CPAff\nnAV4coz96nW3AyiE2uhuB4zQUIXvgVSycW7sbWLvj5TDXunEpNCRwC4kkZjK7rol\njtT2cbb7W2s4Bkg3R42G3PLqBvt2N32e/0JOTViCk8/iccJ4sXqrS1uUN4iB5Nmv\nJK74csVl+0u0UecCAwEAAaOCAVowggFWMBIGA1UdEwEB/wQIMAYBAf8CAQAwDgYD\nVR0PAQH/BAQDAgGGMB0GA1UdJQQWMBQGCCsGAQUFBwMBBggrBgEFBQcDAjAdBgNV\nHQ4EFgQUgbgOY4qJEhjl+js7UJWf5uWQE4UwHwYDVR0jBBgwFoAUhBjMhTTsvAyU\nlC4IWZzHshBOCggwewYIKwYBBQUHAQEEbzBtMC8GCCsGAQUFBzABhiNodHRwOi8v\nb2NzcC5yb290Y2ExLmFtYXpvbnRydXN0LmNvbTA6BggrBgEFBQcwAoYuaHR0cDov\nL2NydC5yb290Y2ExLmFtYXpvbnRydXN0LmNvbS9yb290Y2ExLmNlcjA/BgNVHR8E\nODA2MDSgMqAwhi5odHRwOi8vY3JsLnJvb3RjYTEuYW1hem9udHJ1c3QuY29tL3Jv\nb3RjYTEuY3JsMBMGA1UdIAQMMAowCAYGZ4EMAQIBMA0GCSqGSIb3DQEBCwUAA4IB\nAQCtAN4CBSMuBjJitGuxlBbkEUDeK/pZwTXv4KqPK0G50fOHOQAd8j21p0cMBgbG\nkfMHVwLU7b0XwZCav0h1ogdPMN1KakK1DT0VwA/+hFvGPJnMV1Kx2G4S1ZaSk0uU\n5QfoiYIIano01J5k4T2HapKQmmOhS/iPtuo00wW+IMLeBuKMn3OLn005hcrOGTad\nhcmeyfhQP7Z+iKHvyoQGi1C0ClymHETx/chhQGDyYSWqB/THwnN15AwLQo0E5V9E\nSJlbe4mBlqeInUsNYugExNf+tOiybcrswBy8OFsd34XOW3rjSUtsuafd9AWySa3h\nxRRrwszrzX/WWGm6wyB+f7C4\n-----END CERTIFICATE-----\n",
                "is_ca": true,
                "issuer": "CN=Amazon Root CA 1,O=Amazon,C=US",
                "max_path_length": 0,
                "not_after": "2030-08-23T22:21:28Z",
                "not_before": "2022-08-23T22:21:28Z",
                "public_key_algorithm": "RSA",
                "serial_number": "166129328851546858514271303855646110030630415",
                "sha1_fingerprint": "2ad974a775f73cbdbbd8f5ac3a49255fa8fb1f8c",
                "signature_algorithm": "SHA256-RSA",
                "subject": "CN=Amazon RSA 2048 M01,O=Amazon,C=US",
                "version": 3
              },
              {
                "cert_pem": "-----BEGIN CERTIFICATE-----\nMIIF3TCCBMWgAwIBAgIQC4PYfnn7viYTJoWfANxTuTANBgkqhkiG9w0BAQsFADA8\nMQswCQYDVQQGEwJVUzEPMA0GA1UEChMGQW1hem9uMRwwGgYDVQQDExNBbWF6b24g\nUlNBIDIwNDggTTAxMB4XDTI2MDEyNzAwMDAwMFoXDTI3MDIyNTIzNTk1OVowKTEn\nMCUGA1UEAwweKi5la3MuYXAtc291dGgtMS5hbWF6b25hd3MuY29tMIIBIjANBgkq\nhkiG9w0BAQEFAAOCAQ8AMIIBCgKCAQEAhv5NQzOW57AibZtdURJXq/91G3oMa70K\no7Xrhq4XAD0nG6OiN/NImJ3lFP7uxWWSSnN5hAc9xcuDc/77ne9IjfxgNToosF8C\nUvHNnQ13y7pEqvYg0dosz6tM134cZkwyImGP8OeLaKV4FsHYVxIXEnQdI0bC3Qiv\nyjv5mcJuAaKpm+n3/m/qBUiyL4s82W4+LGHI1hCUum3iIGA2ip6Hp7BwVGMoKecs\njqAYiXKjdfBmN6FJIQ+RIxbEgPT+o1Kidfik/1PFH2im76CefXY0HXBoWDQmWZn5\nZ6WrQ3Fu+qI0R/HgHtEb1fa7KqcsWs07rOfnrJZaB5FQVeydUV1ElwIDAQABo4IC\n7DCCAugwHwYDVR0jBBgwFoAUgbgOY4qJEhjl+js7UJWf5uWQE4UwHQYDVR0OBBYE\nFFbaD6c98vgjLUjXSFaf8SPmFLeAMCkGA1UdEQQiMCCCHiouZWtzLmFwLXNvdXRo\nLTEuYW1hem9uYXdzLmNvbTATBgNVHSAEDDAKMAgGBmeBDAECATAOBgNVHQ8BAf8E\nBAMCBaAwEwYDVR0lBAwwCgYIKwYBBQUHAwEwOwYDVR0fBDQwMjAwoC6gLIYqaHR0\ncDovL2NybC5yMm0wMS5hbWF6b250cnVzdC5jb20vcjJtMDEuY3JsMHUGCCsGAQUF\nBwEBBGkwZzAtBggrBgEFBQcwAYYhaHR0cDovL29jc3AucjJtMDEuYW1hem9udHJ1\nc3QuY29tMDYGCCsGAQUFBzAChipodHRwOi8vY3J0LnIybTAxLmFtYXpvbnRydXN0\nLmNvbS9yMm0wMS5jZXIwDAYDVR0TAQH/BAIwADCCAX0GCisGAQQB1nkCBAIEggFt\nBIIBaQFnAHYATGPcmOWcHauI9h6KPd6uj6tEozd7X5uUw/uhnPzBviYAAAGb/M85\ngwAABAMARzBFAiEA1YKhCfg9RgldH6IFIowiYiRs1Addi8oMUCIQ2pBXG/QCIDQs\nuHxMlYyoJ8LFzGLKuDLeaCFypNISBk2B4qJMapD1AHUAHJ9oLOn68EVpUPgbloqH\n3dsyENhM5siy44JSSsTPWZ8AAAGb/M85mQAABAMARjBEAiB0syZumJQByPaA1tqz\nfyZqtCV1iIwQefAGuEHFV6wxcwIgRcOL6BTii+Y/9u/ZGQBOlfDxftwa/4Widc2t\nWDuVsUoAdgBgTJqven93XwHUBvySDciZ6wscffjJUhv6+hd3O5eLyQAAAZv8zzpe\nAAAEAwBHMEUCIHgL0hy9AdNqPvNbTd8wfUUWVAcVRLgTZNCPKX+9nBuaAiEAulm6\ngP+wgjr9cyefY98pksM9Yy19ZoCHaQXTZkQmkv4wDQYJKoZIhvcNAQELBQADggEB\nAKXbVJ9K5wYRv93nW9febVCXN4txei0vG1tsp+1RRtBlKb0n1QoxfY/QHY1aS+KS\n4iZWVqd/45PJBO6ETnGA26dBOzQEmIQaHXlzHmf7ChoQ/IAzGnv1b7zSz1WJ+dHI\nQCRcxud0g7zOsJLZ1E4w3tAIHCWnjBHheAPCPhoKm7ou2Uyg+lAb4R+mjMoAt+tI\nfIs1dL5XZzShQxP92SykI0R2CAuLpluRK+9xTm03tqu9zaVENWTwlLe6ZFXl/G5a\nCA8DoejDqXx5rhT/W3fQ/0wtLULz5253CN20wlNMY9M7rS0UABfxMnTj8tr21ikl\nXqThadIz4H6dg8PDUGq6xbg=\n-----END CERTIFICATE-----\n",
                "is_ca": false,
                "issuer": "CN=Amazon RSA 2048 M01,O=Amazon,C=US",
                "max_path_length": -1,
                "not_after": "2027-02-25T23:59:59Z",
                "not_before": "2026-01-27T00:00:00Z",
                "public_key_algorithm": "RSA",
                "serial_number": "15306089863077027100491464600926835641",
                "sha1_fingerprint": "9540116bb56e8ea19f0b4a08e845a17f827c131e",
                "signature_algorithm": "SHA256-RSA",
                "subject": "CN=*.eks.ap-south-1.amazonaws.com",
                "version": 3
              }
            ],
            "content": null,
            "id": "1e3a331631939a1ae4a625cd4244a4963dabbfa2",
            "url": "https://oidc.eks.ap-south-1.amazonaws.com/id/5E8C820AACBC7B2B60F7E68E82E5D4B6",
            "verify_chain": true
          },
          "sensitive_attributes": [],
          "identity_schema_version": 0
        }
      ]
    },
    {
      "mode": "data",
      "type": "tls_certificate",
      "name": "github",
      "provider": "provider[\"registry.terraform.io/hashicorp/tls\"]",
      "instances": [
        {
          "schema_version": 0,
          "attributes": {
            "certificates": [
              {
                "cert_pem": "-----BEGIN CERTIFICATE-----\nMIIEmzCCAwOgAwIBAgIUTRFHkwUxk318GlRPpkv2HA/JzO0wDQYJKoZIhvcNAQEM\nBQAwVTEkMCIGA1UEAwwbUEFOVyBFbnRlcnByaXNlIFJvb3QgQ0EyIEcyMSAwHgYD\nVQQKDBdQYWxvIEFsdG8gTmV0d29ya3MgSW5jLjELMAkGA1UEBhMCVVMwHhcNMjQx\nMTIwMjM1MTQyWhcNMzYxMTE3MjM1MTQxWjBVMSQwIgYDVQQDDBtQQU5XIEVudGVy\ncHJpc2UgUm9vdCBDQTIgRzIxIDAeBgNVBAoMF1BhbG8gQWx0byBOZXR3b3JrcyBJ\nbmMuMQswCQYDVQQGEwJVUzCCAaIwDQYJKoZIhvcNAQEBBQADggGPADCCAYoCggGB\nALfGNgnqLQynlqcCsz4dUAzNEhOVkIJpPItaOJuFZZmjEeQk+vl2NMIeE/vSbjO4\nXsJOfZWrFosRbrTopNYl5zE601zYIDktx9UXiTh67BnFd8u+rXmbIseZzS0ffxx6\npwCQBOClbLeORPGVCSG7w+uoJlGyA87w7IEbBEJ2S+eZZWbID8BSwa5AKHoim1Q5\n2x6b1C4eoJrjM1NXsPMY4kyG+D4vlwMwcp/3M/w5Up6zLVRqJNiBeGVoo16MsOMw\n3vDQ+WOxWgZ4c+5hlx7WFrp6pE5f8cOpBVQLzan+AcL+GWpVNVTGo7s83qoGsL9T\nmwFkjMo8CoBwNV1PpyIkJ6A7DWifvVWjLq+vIiA7ENrlxXRhrkZBnbZhLTVNKiZO\nWoVg22/in9V4p9+WywbCA2Xycl7ntutWLwTtAKncZtL6LVZ+nzyIY0KTSYOK7CMq\nK1YMcWibmiTWASgmp7LKmvgslBpBZ3GtSALkYyRJhSo1AKuYGouhQzyhkI0JdEpZ\ndwIDAQABo2MwYTAPBgNVHRMBAf8EBTADAQH/MB8GA1UdIwQYMBaAFEm2NTyOlE+K\nh7lgKlat3FuIeZ4EMB0GA1UdDgQWBBRJtjU8jpRPioe5YCpWrdxbiHmeBDAOBgNV\nHQ8BAf8EBAMCAYYwDQYJKoZIhvcNAQEMBQADggGBAFm3Z/H6Q+Z+11/+fRr52B9J\nMvVzsXLaoS0RaJuvQb7aump96yCVieMHINmHN2Ur410bFMymSaqySap1YszrTUpR\n1WWDikWP4OibYNNYtQS8LZYDm3VyI8eKgDtvTar9BbE9Nm3eSUdop4Pg+D77O3dl\nLcUWvTJ9YLIpH4AOIRh5aZ0pox0sZ8ChRp+eZ7GWw1RFGQK4VAd94PWlO/9CR1NJ\njgSnjey/3dr1R1xe6y5uaCKZmZptaSeoDCzvsdnkmX/tkfC3dprNQWbxK6qXJMYH\nhHLpsFtjfoPv3cC4pPihmOE7pK33jcmdQLlNgjahxUD4pEli9v6P+jlsi58hkIjP\nuVEDdSwUM8LUB08/rtXIMy/PENHcfL7xflSOID574AZ9Z4wg9oftc6as9jwOicAO\nNAPH1L7THFH5G3ASd3cXAu79ufCKWL/1EYYqma2vcLEteqAgt+E6iLui0uWQzO1n\nzvUXUNIQtdiHYb1Bj76wwqJviN1nlDzeFJ7cDjKG0w==\n-----END CERTIFICATE-----\n",
                "is_ca": true,
                "issuer": "CN=PANW Enterprise Root CA2 G2,O=Palo Alto Networks Inc.,C=US",
                "max_path_length": -1,
                "not_after": "2036-11-17T23:51:41Z",
                "not_before": "2024-11-20T23:51:42Z",
                "public_key_algorithm": "RSA",
                "serial_number": "439977637022523310295957033648140099088493956333",
                "sha1_fingerprint": "cec10fb5c4eb8412c96fdc5f4a1979534b8c6797",
                "signature_algorithm": "SHA384-RSA",
                "subject": "CN=PANW Enterprise Root CA2 G2,O=Palo Alto Networks Inc.,C=US",
                "version": 3
              },
              {
                "cert_pem": "-----BEGIN CERTIFICATE-----\nMIIFrzCCBBegAwIBAgIUK+IFXx1egkMjQ+fhODXg8w2gST4wDQYJKoZIhvcNAQEM\nBQAwVTEkMCIGA1UEAwwbUEFOVyBFbnRlcnByaXNlIFJvb3QgQ0EyIEcyMSAwHgYD\nVQQKDBdQYWxvIEFsdG8gTmV0d29ya3MgSW5jLjELMAkGA1UEBhMCVVMwHhcNMjQx\nMTIxMjMyMjQ2WhcNMzAxMTIwMjMyMjQ1WjBoMTcwNQYDVQQDDC5QQU5XIEVudGVy\ncHJpc2UgRGVjcnlwdGlvbiBJbnRlcm1lZGlhdGUgQ0EyIEcyMSAwHgYDVQQKDBdQ\nYWxvIEFsdG8gTmV0d29ya3MgSW5jLjELMAkGA1UEBhMCVVMwggGiMA0GCSqGSIb3\nDQEBAQUAA4IBjwAwggGKAoIBgQDRKyTDBNb7j5sFrvK+zeQrezm2/IiYCuUikDWe\nwancacb2RQAAwj/TSlPcO32oUHt0/fgqfqFimqrPerXqWj1E9aUNvas0Z3fm/6gg\n+hoLcM7bXz6pOxjdcNus8GpyUkwmZivg153VLCfXLXy5gBU7kIew1bqtx8FItkX7\n6izFM2ie7/9aiId2Ncd3g+46s09ZxvbAGXfCUVwCuNnabDlaDfYn9/dFHWCJTpM4\nKnWrfXI0Qzu51wgMJ7mngkVvOqg6scf15+VMTlJDG4vHgEaLS8EKJuQaHImN2UlW\nVT2jYc1PAwx4pgXSS8AYWv5eMBz+MckflaemJ9UEH7dSQ/6nKlArlHkR3GIOdySr\n7sqHwIUt2iljEwWI5568gHHvOJoYMcxO7B/WrqlT+eEf0+tEkPv+Mgy2lpPSx4kx\nCdOF60iM0G+S7o2pdN1VrbwSH9H4EV70mUI4ILzFQJq9k+RwRT6pkH1rKyFjlGtr\nImvHUR6BFJ9OsPu4ryKiEJXnEC0CAwEAAaOCAWIwggFeMA8GA1UdEwEB/wQFMAMB\nAf8wHwYDVR0jBBgwFoAUSbY1PI6UT4qHuWAqVq3cW4h5ngQwgZIGCCsGAQUFBwEB\nBIGFMIGCMEwGCCsGAQUFBzAChkBodHRwOi8vY3JsNC5wYWxvYWx0b25ldHdvcmtz\nLmNvbS9wYW53LWVudGVycHJpc2Utcm9vdC1jYTItZzIuY3J0MDIGCCsGAQUFBzAB\nhiZodHRwOi8vb2NzcDQucGFsb2FsdG9uZXR3b3Jrcy5jb20vb2NzcDATBgNVHSUE\nDDAKBggrBgEFBQcDATBRBgNVHR8ESjBIMEagRKBChkBodHRwOi8vY3JsNC5wYWxv\nYWx0b25ldHdvcmtzLmNvbS9wYW53LWVudGVycHJpc2Utcm9vdC1jYTItZzIuY3Js\nMB0GA1UdDgQWBBQrOaMSTUKy2EknqmPAUi4ZC0sPzzAOBgNVHQ8BAf8EBAMCAYYw\nDQYJKoZIhvcNAQEMBQADggGBAH7TMKe120Cda9i2dgg1RX6h1vTorqzmto5hCKdT\nCk4/nVwP38ZA0yZxVNNjbReX7NG/PJfWarW6gFLLyeILp1PuCqfofXpy+uMPw6wm\nAvqaw2unoOT17KcqdaQ/Y5OwK1TwK9l9KDmFkyfKWHMvuyyyr6Z8JiG7OVq+u4mk\nkkElMGRVrrMSqrNsxCoY5rdg0YnGhpZ/wHqTwyo9bYVSTjHXk/QDjkOukKjPn9Yl\nvkXozdlhw3w0MGxq2nq3n0Ur/tXC5V1wpu2FcA4GmDkmncqyDuqlK/pMmRS7m625\nn2KJtB1iB30GLfhBfJczyqMJZkGwWhMVY80Y/b5zPPnJPolGb1kxyJN04y45LMOi\nYt7uHiy9LGd/zUavuxHd6APskhs1LQ8/67EKSEgVwz1ZhFczztcy9ZOxosB6DhqW\nU+rvwsG1FRW3SaAKsZgO08Ae3IuqWRWKC9wPnGYJ4Xe4kWLLODJcXl4D+bTRcvSe\nCjYTg5gOq87WnXQvSbFgqmeIgQ==\n-----END CERTIFICATE-----\n",
                "is_ca": true,
                "issuer": "CN=PANW Enterprise Root CA2 G2,O=Palo Alto Networks Inc.,C=US",
                "max_path_length": -1,
                "not_after": "2030-11-20T23:22:45Z",
                "not_before": "2024-11-21T23:22:46Z",
                "public_key_algorithm": "RSA",
                "serial_number": "250527039487585866477313786894061522959829322046",
                "sha1_fingerprint": "6d22831bc0a5e149d940371a30ed34bc0f90f3db",
                "signature_algorithm": "SHA384-RSA",
                "subject": "CN=PANW Enterprise Decryption Intermediate CA2 G2,O=Palo Alto Networks Inc.,C=US",
                "version": 3
              },
              {
                "cert_pem": "-----BEGIN CERTIFICATE-----\nMIIFSDCCA7CgAwIBAgIUXrgAnKkrgtNJcO/+RNjMP1udPMMwDQYJKoZIhvcNAQEM\nBQAwaDE3MDUGA1UEAwwuUEFOVyBFbnRlcnByaXNlIERlY3J5cHRpb24gSW50ZXJt\nZWRpYXRlIENBMiBHMjEgMB4GA1UECgwXUGFsbyBBbHRvIE5ldHdvcmtzIEluYy4x\nCzAJBgNVBAYTAlVTMB4XDTI2MDgxMDIxMjAwOVoXDTI3MDgxMDIxMjAwOFowgY0x\nJTAjBgNVBAMMHGRlY3J5cHQucGFsb2FsdG9uZXR3b3Jrcy5jb20xCzAJBgNVBAsM\nAklUMR8wHQYDVQQKDBZQYWxvIEFsdG8gTmV0d29ya3MgSW5jMRQwEgYDVQQHDAtT\nYW50YSBDbGFyYTETMBEGA1UECAwKQ2FsaWZvcm5pYTELMAkGA1UEBhMCVVMwggEi\nMA0GCSqGSIb3DQEBAQUAA4IBDwAwggEKAoIBAQCgCevsg3zgsswU4hZ/BCFisw4p\nQiOCZKoaAttr55uF4EBBx7YDmn3xtwBm0j64neMXavezz9KJ94RzR+1j1UxXqdH4\naFAaFhMNmCodN1K1dzFWpDguTHclQWdJw3xQMUnd2DvbPmgVriIGs6XeGoh7JWL9\n/ipXf1/l7a0m6utqw+xS/7tEkknF8qIid6rJEE+x2bbZKV/8JZsPOwbtrcER8OYC\nSkO6P/954qjmtI6UwithZ3j5PICSQOSS8jCRZf2j6+oP9zgUl4qMbk8IfpAANFus\n8hlUgWfEDC/gcxzE4Pvjsc+kAU6z9tsY1bh9iWqEGgoNkYLoEf1Ipst8xzl1AgMB\nAAGjggFCMIIBPjASBgNVHRMBAf8ECDAGAQH/AgEAMB8GA1UdIwQYMBaAFCs5oxJN\nQrLYSSeqY8BSLhkLSw/PMGEGCCsGAQUFBwEBBFUwUzBRBggrBgEFBQcwAoZFaHR0\ncDovL2NybDQucGFsb2FsdG9uZXR3b3Jrcy5jb20vcGFudy1lbnQtZGVjLWludGVy\nbWVkaWF0ZS1jYTItZzIuY3J0MB0GA1UdJQQWMBQGCCsGAQUFBwMCBggrBgEFBQcD\nATBWBgNVHR8ETzBNMEugSaBHhkVodHRwOi8vY3JsNC5wYWxvYWx0b25ldHdvcmtz\nLmNvbS9wYW53LWVudC1kZWMtaW50ZXJtZWRpYXRlLWNhMi1nMi5jcmwwHQYDVR0O\nBBYEFMmW7TqMGrniKlf2Gx7iDwvnHnOfMA4GA1UdDwEB/wQEAwIBhjANBgkqhkiG\n9w0BAQwFAAOCAYEAuobOlgqTMoTYRQmpRNOTjLHu6++m5z+RqmI0Es9lQLXjgawG\nAMSyN+tyhGRTrpyIU/+d7Mfaz5C8rCEhbXOPuyHeh51gwWzS3kheNWTw5gxmb8/m\nqubYgsPa39/73QDv3n+CpCTEpwHy56ftAd2dkqJmVGZl4dU9+dZFVmQy1VEgLZcm\nIGUZszKexKmzizOh7WKhzOxWa6GNgWUHbrw0AudET2SrP4Gu57R7oMHVrvMVjhJQ\n0i6riQqdsVDXyuaFOzpQZ8d5RDG3UsyCA5mTuA9hNIun+IjkBAEW30SY0Udxu00F\nWVg9F9ZOTiMykpogE/t/oUjN9DzWxKQ1y1kZ8xLx3kRP0WgdKYE5rrKB4JLAZY9+\n1ZOotpmwM9jHGuEBBUvKHNX3tNxhrqqeAfW3Bpd4xITejTVSChXIgyCTB15G0aPm\nTUifTRfkzr3+qlrsVumetwP+TS3DuBTio2v0ph3VQi3zyfPEAnr7uDJ8SlhtpTdS\n5uzcCM0R7S8Yk2K3\n-----END CERTIFICATE-----\n",
                "is_ca": true,
                "issuer": "CN=PANW Enterprise Decryption Intermediate CA2 G2,O=Palo Alto Networks Inc.,C=US",
                "max_path_length": 0,
                "not_after": "2027-08-10T21:20:08Z",
                "not_before": "2026-08-10T21:20:09Z",
                "public_key_algorithm": "RSA",
                "serial_number": "540748522882885243108045881042095147676778446019",
                "sha1_fingerprint": "d38c776de1491693fac1af8a4bb842925e68368b",
                "signature_algorithm": "SHA384-RSA",
                "subject": "CN=decrypt.paloaltonetworks.com,OU=IT,O=Palo Alto Networks Inc,L=Santa Clara,ST=California,C=US",
                "version": 3
              },
              {
                "cert_pem": "-----BEGIN CERTIFICATE-----\nMIIFBjCCA+6gAwIBAgISVrMHwSDe1dPaFbiWUp5cmOAnMA0GCSqGSIb3DQEBCwUA\nMIGNMSUwIwYDVQQDDBxkZWNyeXB0LnBhbG9hbHRvbmV0d29ya3MuY29tMQswCQYD\nVQQLDAJJVDEfMB0GA1UECgwWUGFsbyBBbHRvIE5ldHdvcmtzIEluYzEUMBIGA1UE\nBwwLU2FudGEgQ2xhcmExEzARBgNVBAgMCkNhbGlmb3JuaWExCzAJBgNVBAYTAlVT\nMB4XDTI2MDkwODIzMTI0N1oXDTI2MTIwNzIzMTI0NlowKjEoMCYGA1UEAwwfKi5h\nY3Rpb25zLmdpdGh1YnVzZXJjb250ZW50LmNvbTCCAiIwDQYJKoZIhvcNAQEBBQAD\nggIPADCCAgoCggIBAPoYqJW4DXFsp18LqbrpP9JDTsTpqaGgi1nbvEaEBcidAxXb\nWTurdcjJnmnPojsBhIktzOHZl/LfkLv/qDJGdIwhjlLuHbiE3cDTizx1dkHMx7HP\nmiR4a5j5gQGmHb9lXmFszcBQWZEJaOzOsRiTF/JBX4P/WULAeY3mfc0ZoXy3gT6c\nbl4ZQkk8Je6VhxrHxyIXT0scuYTphZrunY9t5JuEB5aI42hTdGiXfqXQKdMfvjBC\n4aszak7mDLnjLevnOr6fog7+rbwjW1Jbdx5gTQKpq4Vlo2iOGw8jSjsO2dgr/HXy\n0MsycmZ3d7HldDgJVaMEwHHZfzoDb9naI6tjBPIbw3zJH1GfT0vS6g5lcbby96cB\nx0QEnslej2yyRTguE7ZffBLzpyjXUR0j0GjGyXbzwWSQ/rqlanZCdq+alnO78M5L\nDgV74zxb2aKN/RzK/XXjYDKOjNzzTWx6qRgVua1/rD38kdSE4tXm6I3zZkypDG+m\nyklE+jnxApbbidZBHdXUSUqyOR3efaCoD5mJUNeHieqfcXbPnQsMIjcejXaw1REX\nveUmU03L0os40+PmRoORyqqlK9Om2H3oerCgR4NfVcpoj/4wM3AVJYTOafTqlHsh\n2d27psTGgTjKisFWA18sLtptqPti2JCgMtKUSXyQfkujEY13LtbwdXuk/1xPAgMB\nAAGjgcEwgb4wDgYDVR0PAQH/BAQDAgWgMBMGA1UdJQQMMAoGCCsGAQUFBwMBMAwG\nA1UdEwEB/wQCMAAwHQYDVR0OBBYEFGF3PP64kUQsvt37tM1/PXX2TUIVMEkGA1Ud\nEQRCMECCHyouYWN0aW9ucy5naXRodWJ1c2VyY29udGVudC5jb22CHWFjdGlvbnMu\nZ2l0aHVidXNlcmNvbnRlbnQuY29tMB8GA1UdIwQYMBaAFMmW7TqMGrniKlf2Gx7i\nDwvnHnOfMA0GCSqGSIb3DQEBCwUAA4IBAQBwiZJBn2lOmQd5bbgx2eTl+5E3cxCU\neCePvNxobW/23cN8UVN2NrqPDtKGkRpR74KLnqL17K+UgUMsVM0+0MOGdiO7tMcQ\nNFuSaQlMoL8hwsmCC9DDDWGWhxBgZELHKkyv5qBZ8A40wFTMG4IYd27u8I72Pjrt\neM22ezbiN/sMwrKOWx0KMG/nlClhjwZ96a/Gtjy1xeVfjIkbPDUSnOLcL5/eVPbm\n8fr2XVDacza48jBVeGNZalZcu4gdslZnLfK0RrczOBgYd990aXlF0T2lnL+Lm4RR\nb6kvlRqKpcIqVtDAD/tgGFAYK/m4uwf7WEx2U94F9g4YR49Byq5UCYz0\n-----END CERTIFICATE-----\n",
                "is_ca": false,
                "issuer": "CN=decrypt.paloaltonetworks.com,OU=IT,O=Palo Alto Networks Inc,L=Santa Clara,ST=California,C=US",
                "max_path_length": -1,
                "not_after": "2026-12-07T23:12:46Z",
                "not_before": "2026-09-08T23:12:47Z",
                "public_key_algorithm": "RSA",
                "serial_number": "7552577441186185324017778642482302148993063",
                "sha1_fingerprint": "ffba5701e60a8825155747315afdb2cb568f3c4a",
                "signature_algorithm": "SHA256-RSA",
                "subject": "CN=*.actions.githubusercontent.com",
                "version": 3
              }
            ],
            "content": null,
            "id": "020865b99198ab8793b27e246cb8400b687c666c",
            "url": "https://token.actions.githubusercontent.com",
            "verify_chain": true
          },
          "sensitive_attributes": [],
          "identity_schema_version": 0
        }
      ]
    },
    {
      "mode": "managed",
      "type": "aws_ecr_repository",
      "name": "app_repo",
      "provider": "provider[\"registry.terraform.io/hashicorp/aws\"]",
      "instances": [
        {
          "schema_version": 0,
          "attributes": {
            "arn": "arn:aws:ecr:ap-south-1:756501293726:repository/cloudpulse-telemetry-engine",
            "encryption_configuration": [
              {
                "encryption_type": "AES256",
                "kms_key": ""
              }
            ],
            "force_delete": null,
            "id": "cloudpulse-telemetry-engine",
            "image_scanning_configuration": [
              {
                "scan_on_push": true
              }
            ],
            "image_tag_mutability": "MUTABLE",
            "name": "cloudpulse-telemetry-engine",
            "registry_id": "756501293726",
            "repository_url": "756501293726.dkr.ecr.ap-south-1.amazonaws.com/cloudpulse-telemetry-engine",
            "tags": {
              "Name": "cloudpulse-telemetry-engine"
            },
            "tags_all": {
              "Environment": "Production-Demo",
              "ManagedBy": "Terraform",
              "Name": "cloudpulse-telemetry-engine",
              "Platform": "Cortex-Cloud-SecOps",
              "Project": "CloudPulse-CNAPP-Showcase"
            },
            "timeouts": null
          },
          "sensitive_attributes": [],
          "identity_schema_version": 0,
          "private": "eyJlMmJmYjczMC1lY2FhLTExZTYtOGY4OC0zNDM2M2JjN2M0YzAiOnsiZGVsZXRlIjoxMjAwMDAwMDAwMDAwfX0="
        }
      ]
    },
    {
      "mode": "managed",
      "type": "aws_eip",
      "name": "nat",
      "provider": "provider[\"registry.terraform.io/hashicorp/aws\"]",
      "instances": [
        {
          "schema_version": 0,
          "attributes": {
            "address": null,
            "allocation_id": "eipalloc-08466a70eb20fab44",
            "arn": "arn:aws:ec2:ap-south-1:756501293726:elastic-ip/eipalloc-08466a70eb20fab44",
            "associate_with_private_ip": null,
            "association_id": "",
            "carrier_ip": "",
            "customer_owned_ip": "",
            "customer_owned_ipv4_pool": "",
            "domain": "vpc",
            "id": "eipalloc-08466a70eb20fab44",
            "instance": "",
            "ipam_pool_id": null,
            "network_border_group": "ap-south-1",
            "network_interface": "",
            "private_dns": null,
            "private_ip": "",
            "ptr_record": "",
            "public_dns": "ec2-13-206-40-231.ap-south-1.compute.amazonaws.com",
            "public_ip": "13.206.40.231",
            "public_ipv4_pool": "amazon",
            "tags": {
              "Name": "cloudpulse-cnapp-eks-nat-eip"
            },
            "tags_all": {
              "Environment": "Production-Demo",
              "ManagedBy": "Terraform",
              "Name": "cloudpulse-cnapp-eks-nat-eip",
              "Platform": "Cortex-Cloud-SecOps",
              "Project": "CloudPulse-CNAPP-Showcase"
            },
            "timeouts": null,
            "vpc": true
          },
          "sensitive_attributes": [],
          "identity_schema_version": 0,
          "private": "eyJlMmJmYjczMC1lY2FhLTExZTYtOGY4OC0zNDM2M2JjN2M0YzAiOnsiZGVsZXRlIjoxODAwMDAwMDAwMDAsInJlYWQiOjkwMDAwMDAwMDAwMCwidXBkYXRlIjozMDAwMDAwMDAwMDB9fQ=="
        }
      ]
    },
    {
      "mode": "managed",
      "type": "aws_eks_cluster",
      "name": "main",
      "provider": "provider[\"registry.terraform.io/hashicorp/aws\"]",
      "instances": [
        {
          "schema_version": 1,
          "attributes": {
            "access_config": [
              {
                "authentication_mode": "CONFIG_MAP",
                "bootstrap_cluster_creator_admin_permissions": true
              }
            ],
            "arn": "arn:aws:eks:ap-south-1:756501293726:cluster/cloudpulse-cnapp-eks",
            "bootstrap_self_managed_addons": true,
            "certificate_authority": [
              {
                "data": "LS0tLS1CRUdJTiBDRVJUSUZJQ0FURS0tLS0tCk1JSURNVENDQWhtZ0F3SUJBZ0lRU3FpMlp6OFhIbmhzRnE5djBscXMyekFOQmdrcWhraUc5dzBCQVFzRkFEQW4KTVJBd0RnWURWUVFLRXdkQlYxTWdSVXRUTVJNd0VRWURWUVFERXdwcmRXSmxjbTVsZEdWek1CNFhEVEkyTURreApNakEyTXpnMU0xb1hEVE14TURreE1UQTJNemcxTTFvd0p6RVFNQTRHQTFVRUNoTUhRVmRUSUVWTFV6RVRNQkVHCkExVUVBeE1LYTNWaVpYSnVaWFJsY3pDQ0FTSXdEUVlKS29aSWh2Y05BUUVCQlFBRGdnRVBBRENDQVFvQ2dnRUIKQUtkWGF5TTRpQnVrYWduUWVwYzREL1lzZUtNWTBFODVRWElHV2lvSmRzdzBjVDhsZzNoWkZwdWRFRFB3VmEvUwpkN1doR0pnRXZNenRsaTRjR0QvYzEvekxFZHc2Wjh1YTZLbmQ2ZllHVVZJSUIra2JDck4vYVBJMUFpY0ZRVjgyCnhMQ2JLSURSQUJ5bjU4QmtHQ2o2UjZpZmJBSWQwWnhIMUZnOXNpUGNvbjhKTzFicTlxWjZJWXJ2a2dkZlp3NDcKQzVjTTRpSHk2RG9pc3NHQ1VuSjNhMTJ4ZFZYcVlzQ0tvb3U4QnN2SnBXWU5PeHdlMHFWbzg5Y3B3aW9kNmcxVAphdjFGMVQ2d0xQNjRBV1NjUlhpMnpma3ZrZVVpQzB4aEFjN0ppZGM5QTNnTzNZVGhtUnUrUFM3Wi85amhGME1wCkdPU1h2VytZWjBkK3pHSjNrTjN1OTRVQ0F3RUFBYU5aTUZjd0RnWURWUjBQQVFIL0JBUURBZ0trTUE4R0ExVWQKRXdFQi93UUZNQU1CQWY4d0hRWURWUjBPQkJZRUZGclFCT0thVDd1SHRPWXZHOGMrdThpcE9TTFVNQlVHQTFVZApFUVFPTUF5Q0NtdDFZbVZ5Ym1WMFpYTXdEUVlKS29aSWh2Y05BUUVMQlFBRGdnRUJBS0NreGVNTjBuSzY3QnhwCm5GaCtkZFFqNEFkcUpCTEVXcWd5bGxoTFgzYWxGOXpWZDJFVUJORFJVQ0R2aDZpaGtoVEI4aDBDZ1MzOUNORUMKbUZJb2VZanc4WHF4U21jbkV2blNPazBMR1YxTHRXMkwxK3hRciswN0Q4SVBTMkg4Q0FlczZZeVczMncxaHlhOApPUVR0d2Z5WTdvL05Ba0VKNFdKNFpXb2Q5eTdMQ0tUVmJnL1VJdjdmMHIwOW45NmNTeVltMDVJUzhKNEpOZWdHClVDOXB1MENXZG1MQ1UraW1ITFpXWnlZeUlXUitPZlJ2VzBlVzZXbkFnc3J6MDhmTThnaTBiT3JqckhNUk9WbGMKaWRFNzlUQ3BvSDhjUFhCTHRWVXo5dG1tRlE4NklDREN4ejd3VFJNRGZEeGg4L2dzYThJQjByVGQxVURlYStnTApDRlRqS2FZPQotLS0tLUVORCBDRVJUSUZJQ0FURS0tLS0tCg=="
              }
            ],
            "cluster_id": null,
            "compute_config": [],
            "created_at": "2026-09-12T06:38:30Z",
            "enabled_cluster_log_types": null,
            "encryption_config": [],
            "endpoint": "https://5E8C820AACBC7B2B60F7E68E82E5D4B6.gr7.ap-south-1.eks.amazonaws.com",
            "force_update_version": null,
            "id": "cloudpulse-cnapp-eks",
            "identity": [
              {
                "oidc": [
                  {
                    "issuer": "https://oidc.eks.ap-south-1.amazonaws.com/id/5E8C820AACBC7B2B60F7E68E82E5D4B6"
                  }
                ]
              }
            ],
            "kubernetes_network_config": [
              {
                "elastic_load_balancing": [
                  {
                    "enabled": false
                  }
                ],
                "ip_family": "ipv4",
                "service_ipv4_cidr": "172.20.0.0/16",
                "service_ipv6_cidr": ""
              }
            ],
            "name": "cloudpulse-cnapp-eks",
            "outpost_config": [],
            "platform_version": "eks.53",
            "remote_network_config": [],
            "role_arn": "arn:aws:iam::756501293726:role/cloudpulse-cnapp-eks-control-plane-role",
            "status": "ACTIVE",
            "storage_config": [],
            "tags": null,
            "tags_all": {
              "Environment": "Production-Demo",
              "ManagedBy": "Terraform",
              "Platform": "Cortex-Cloud-SecOps",
              "Project": "CloudPulse-CNAPP-Showcase"
            },
            "timeouts": null,
            "upgrade_policy": [
              {
                "support_type": "EXTENDED"
              }
            ],
            "version": "1.32",
            "vpc_config": [
              {
                "cluster_security_group_id": "sg-0c49c28852e5fd6db",
                "endpoint_private_access": true,
                "endpoint_public_access": true,
                "public_access_cidrs": [
                  "0.0.0.0/0"
                ],
                "security_group_ids": [
                  "sg-07c068215a51c1ead"
                ],
                "subnet_ids": [
                  "subnet-008781fa04c16af1a",
                  "subnet-0422149a7b8f36981",
                  "subnet-0a7e29d28ba3db51f",
                  "subnet-0d9b2f8559f17e8e5"
                ],
                "vpc_id": "vpc-0ded1ddec8c82dd30"
              }
            ],
            "zonal_shift_config": []
          },
          "sensitive_attributes": [],
          "identity_schema_version": 0,
          "private": "eyJlMmJmYjczMC1lY2FhLTExZTYtOGY4OC0zNDM2M2JjN2M0YzAiOnsiY3JlYXRlIjoxODAwMDAwMDAwMDAwLCJkZWxldGUiOjkwMDAwMDAwMDAwMCwidXBkYXRlIjozNjAwMDAwMDAwMDAwfSwic2NoZW1hX3ZlcnNpb24iOiIxIn0=",
          "dependencies": [
            "aws_iam_role.eks_control_plane",
            "aws_iam_role_policy_attachment.eks_cluster_policy",
            "aws_iam_role_policy_attachment.eks_vpc_controller",
            "aws_security_group.eks_cluster_sg",
            "aws_subnet.private",
            "aws_subnet.public",
            "aws_vpc.main",
            "data.aws_availability_zones.available"
          ]
        }
      ]
    },
    {
      "mode": "managed",
      "type": "aws_eks_node_group",
      "name": "main",
      "provider": "provider[\"registry.terraform.io/hashicorp/aws\"]",
      "instances": [
        {
          "schema_version": 0,
          "attributes": {
            "ami_type": "AL2023_x86_64_STANDARD",
            "arn": "arn:aws:eks:ap-south-1:756501293726:nodegroup/cloudpulse-cnapp-eks/cloudpulse-cnapp-eks-workers/52d04a2f-7337-0831-996d-ba5538705ecc",
            "capacity_type": "ON_DEMAND",
            "cluster_name": "cloudpulse-cnapp-eks",
            "disk_size": 0,
            "force_update_version": null,
            "id": "cloudpulse-cnapp-eks:cloudpulse-cnapp-eks-workers",
            "instance_types": [],
            "labels": null,
            "launch_template": [
              {
                "id": "lt-03a99691d098658c1",
                "name": "cloudpulse-cnapp-eks-node-20260912063801589500000002",
                "version": "1"
              }
            ],
            "node_group_name": "cloudpulse-cnapp-eks-workers",
            "node_group_name_prefix": "",
            "node_repair_config": [],
            "node_role_arn": "arn:aws:iam::756501293726:role/cloudpulse-cnapp-eks-node-group-role",
            "release_version": "1.32.13-20260903",
            "remote_access": [],
            "resources": [
              {
                "autoscaling_groups": [
                  {
                    "name": "eks-cloudpulse-cnapp-eks-workers-52d04a2f-7337-0831-996d-ba5538705ecc"
                  }
                ],
                "remote_access_security_group_id": ""
              }
            ],
            "scaling_config": [
              {
                "desired_size": 2,
                "max_size": 3,
                "min_size": 1
              }
            ],
            "status": "ACTIVE",
            "subnet_ids": [
              "subnet-0422149a7b8f36981",
              "subnet-0d9b2f8559f17e8e5"
            ],
            "tags": null,
            "tags_all": {
              "Environment": "Production-Demo",
              "ManagedBy": "Terraform",
              "Platform": "Cortex-Cloud-SecOps",
              "Project": "CloudPulse-CNAPP-Showcase"
            },
            "taint": [],
            "timeouts": null,
            "update_config": [
              {
                "max_unavailable": 1,
                "max_unavailable_percentage": 0
              }
            ],
            "version": "1.32"
          },
          "sensitive_attributes": [],
          "identity_schema_version": 0,
          "private": "eyJlMmJmYjczMC1lY2FhLTExZTYtOGY4OC0zNDM2M2JjN2M0YzAiOnsiY3JlYXRlIjozNjAwMDAwMDAwMDAwLCJkZWxldGUiOjM2MDAwMDAwMDAwMDAsInVwZGF0ZSI6MzYwMDAwMDAwMDAwMH19",
          "dependencies": [
            "aws_eks_cluster.main",
            "aws_iam_role.eks_control_plane",
            "aws_iam_role.eks_node_role",
            "aws_iam_role_policy_attachment.eks_cluster_policy",
            "aws_iam_role_policy_attachment.eks_vpc_controller",
            "aws_iam_role_policy_attachment.node_cni_policy",
            "aws_iam_role_policy_attachment.node_ecr_read",
            "aws_iam_role_policy_attachment.node_worker_policy",
            "aws_launch_template.worker_nodes",
            "aws_security_group.eks_cluster_sg",
            "aws_subnet.private",
            "aws_subnet.public",
            "aws_vpc.main",
            "data.aws_availability_zones.available"
          ]
        }
      ]
    },
    {
      "mode": "managed",
      "type": "aws_iam_openid_connect_provider",
      "name": "eks",
      "provider": "provider[\"registry.terraform.io/hashicorp/aws\"]",
      "instances": [
        {
          "schema_version": 0,
          "attributes": {
            "arn": "arn:aws:iam::756501293726:oidc-provider/oidc.eks.ap-south-1.amazonaws.com/id/5E8C820AACBC7B2B60F7E68E82E5D4B6",
            "client_id_list": [
              "sts.amazonaws.com"
            ],
            "id": "arn:aws:iam::756501293726:oidc-provider/oidc.eks.ap-south-1.amazonaws.com/id/5E8C820AACBC7B2B60F7E68E82E5D4B6",
            "tags": null,
            "tags_all": {
              "Environment": "Production-Demo",
              "ManagedBy": "Terraform",
              "Platform": "Cortex-Cloud-SecOps",
              "Project": "CloudPulse-CNAPP-Showcase"
            },
            "thumbprint_list": [
              "06b25927c42a721631c1efd9431e648fa62e1e39"
            ],
            "url": "oidc.eks.ap-south-1.amazonaws.com/id/5E8C820AACBC7B2B60F7E68E82E5D4B6"
          },
          "sensitive_attributes": [],
          "identity_schema_version": 0,
          "private": "bnVsbA==",
          "dependencies": [
            "aws_eks_cluster.main",
            "aws_iam_role.eks_control_plane",
            "aws_iam_role_policy_attachment.eks_cluster_policy",
            "aws_iam_role_policy_attachment.eks_vpc_controller",
            "aws_security_group.eks_cluster_sg",
            "aws_subnet.private",
            "aws_subnet.public",
            "aws_vpc.main",
            "data.aws_availability_zones.available",
            "data.tls_certificate.eks_oidc"
          ]
        }
      ]
    },
    {
      "mode": "managed",
      "type": "aws_iam_openid_connect_provider",
      "name": "github_actions",
      "provider": "provider[\"registry.terraform.io/hashicorp/aws\"]",
      "instances": [
        {
          "schema_version": 0,
          "attributes": {
            "arn": "arn:aws:iam::756501293726:oidc-provider/token.actions.githubusercontent.com",
            "client_id_list": [
              "sts.amazonaws.com"
            ],
            "id": "arn:aws:iam::756501293726:oidc-provider/token.actions.githubusercontent.com",
            "tags": null,
            "tags_all": {
              "Environment": "Production-Demo",
              "ManagedBy": "Terraform",
              "Platform": "Cortex-Cloud-SecOps",
              "Project": "CloudPulse-CNAPP-Showcase"
            },
            "thumbprint_list": [
              "cec10fb5c4eb8412c96fdc5f4a1979534b8c6797"
            ],
            "url": "token.actions.githubusercontent.com"
          },
          "sensitive_attributes": [],
          "identity_schema_version": 0,
          "private": "bnVsbA==",
          "dependencies": [
            "data.tls_certificate.github"
          ]
        }
      ]
    },
    {
      "mode": "managed",
      "type": "aws_iam_policy",
      "name": "github_deployer_policy",
      "provider": "provider[\"registry.terraform.io/hashicorp/aws\"]",
      "instances": [
        {
          "schema_version": 0,
          "attributes": {
            "arn": "arn:aws:iam::756501293726:policy/cloudpulse-cnapp-eks-github-deployer-policy",
            "attachment_count": 0,
            "description": "CI/CD pipeline permissions for GitHub Actions to push to ECR and deploy to EKS",
            "id": "arn:aws:iam::756501293726:policy/cloudpulse-cnapp-eks-github-deployer-policy",
            "name": "cloudpulse-cnapp-eks-github-deployer-policy",
            "name_prefix": "",
            "path": "/",
            "policy": "{\"Statement\":[{\"Action\":[\"ecr:GetAuthorizationToken\",\"ecr:BatchCheckLayerAvailability\",\"ecr:GetDownloadUrlForLayer\",\"ecr:GetRepositoryPolicy\",\"ecr:DescribeRepositories\",\"ecr:ListImages\",\"ecr:DescribeImages\",\"ecr:BatchGetImage\",\"ecr:InitiateLayerUpload\",\"ecr:UploadLayerPart\",\"ecr:CompleteLayerUpload\",\"ecr:PutImage\"],\"Effect\":\"Allow\",\"Resource\":\"*\"},{\"Action\":[\"eks:DescribeCluster\",\"eks:ListClusters\"],\"Effect\":\"Allow\",\"Resource\":\"*\"}],\"Version\":\"2012-10-17\"}",
            "policy_id": "ANPA3AIX5VKPIUNZJWH5B",
            "tags": null,
            "tags_all": {
              "Environment": "Production-Demo",
              "ManagedBy": "Terraform",
              "Platform": "Cortex-Cloud-SecOps",
              "Project": "CloudPulse-CNAPP-Showcase"
            }
          },
          "sensitive_attributes": [],
          "identity_schema_version": 0,
          "private": "bnVsbA=="
        }
      ]
    },
    {
      "mode": "managed",
      "type": "aws_iam_policy",
      "name": "wildcard_admin_access",
      "provider": "provider[\"registry.terraform.io/hashicorp/aws\"]",
      "instances": [
        {
          "schema_version": 0,
          "attributes": {
            "arn": "arn:aws:iam::756501293726:policy/CloudPulse-Wildcard-Admin-Policy",
            "attachment_count": 0,
            "description": "Excessive wildcard IAM policy violating least privilege",
            "id": "arn:aws:iam::756501293726:policy/CloudPulse-Wildcard-Admin-Policy",
            "name": "CloudPulse-Wildcard-Admin-Policy",
            "name_prefix": "",
            "path": "/",
            "policy": "{\"Statement\":[{\"Action\":[\"s3:*\",\"iam:PassRole\",\"ec2:*\"],\"Effect\":\"Allow\",\"Resource\":\"*\"}],\"Version\":\"2012-10-17\"}",
            "policy_id": "ANPA3AIX5VKPCKBVXGIKM",
            "tags": null,
            "tags_all": {
              "Environment": "Production-Demo",
              "ManagedBy": "Terraform",
              "Platform": "Cortex-Cloud-SecOps",
              "Project": "CloudPulse-CNAPP-Showcase"
            }
          },
          "sensitive_attributes": [],
          "identity_schema_version": 0,
          "private": "bnVsbA=="
        }
      ]
    },
    {
      "mode": "managed",
      "type": "aws_iam_role",
      "name": "ciem_overprivileged_role",
      "provider": "provider[\"registry.terraform.io/hashicorp/aws\"]",
      "instances": [
        {
          "schema_version": 0,
          "attributes": {
            "arn": "arn:aws:iam::756501293726:role/CloudPulse-CloudOps-OverprivilegedServiceRole",
            "assume_role_policy": "{\"Statement\":[{\"Action\":\"sts:AssumeRole\",\"Effect\":\"Allow\",\"Principal\":{\"AWS\":\"arn:aws:iam::756501293726:root\"}}],\"Version\":\"2012-10-17\"}",
            "create_date": "2026-09-12T06:38:02Z",
            "description": "",
            "force_detach_policies": false,
            "id": "CloudPulse-CloudOps-OverprivilegedServiceRole",
            "inline_policy": [],
            "managed_policy_arns": [],
            "max_session_duration": 3600,
            "name": "CloudPulse-CloudOps-OverprivilegedServiceRole",
            "name_prefix": "",
            "path": "/",
            "permissions_boundary": "",
            "tags": null,
            "tags_all": {
              "Environment": "Production-Demo",
              "ManagedBy": "Terraform",
              "Platform": "Cortex-Cloud-SecOps",
              "Project": "CloudPulse-CNAPP-Showcase"
            },
            "unique_id": "AROA3AIX5VKPKMMSOW4YM"
          },
          "sensitive_attributes": [],
          "identity_schema_version": 0,
          "private": "bnVsbA==",
          "dependencies": [
            "data.aws_caller_identity.current"
          ]
        }
      ]
    },
    {
      "mode": "managed",
      "type": "aws_iam_role",
      "name": "eks_control_plane",
      "provider": "provider[\"registry.terraform.io/hashicorp/aws\"]",
      "instances": [
        {
          "schema_version": 0,
          "attributes": {
            "arn": "arn:aws:iam::756501293726:role/cloudpulse-cnapp-eks-control-plane-role",
            "assume_role_policy": "{\"Statement\":[{\"Action\":\"sts:AssumeRole\",\"Effect\":\"Allow\",\"Principal\":{\"Service\":\"eks.amazonaws.com\"}}],\"Version\":\"2012-10-17\"}",
            "create_date": "2026-09-12T06:38:02Z",
            "description": "",
            "force_detach_policies": false,
            "id": "cloudpulse-cnapp-eks-control-plane-role",
            "inline_policy": [],
            "managed_policy_arns": [],
            "max_session_duration": 3600,
            "name": "cloudpulse-cnapp-eks-control-plane-role",
            "name_prefix": "",
            "path": "/",
            "permissions_boundary": "",
            "tags": null,
            "tags_all": {
              "Environment": "Production-Demo",
              "ManagedBy": "Terraform",
              "Platform": "Cortex-Cloud-SecOps",
              "Project": "CloudPulse-CNAPP-Showcase"
            },
            "unique_id": "AROA3AIX5VKPJQLJTAYPV"
          },
          "sensitive_attributes": [],
          "identity_schema_version": 0,
          "private": "bnVsbA=="
        }
      ]
    },
    {
      "mode": "managed",
      "type": "aws_iam_role",
      "name": "eks_node_role",
      "provider": "provider[\"registry.terraform.io/hashicorp/aws\"]",
      "instances": [
        {
          "schema_version": 0,
          "attributes": {
            "arn": "arn:aws:iam::756501293726:role/cloudpulse-cnapp-eks-node-group-role",
            "assume_role_policy": "{\"Statement\":[{\"Action\":\"sts:AssumeRole\",\"Effect\":\"Allow\",\"Principal\":{\"Service\":\"ec2.amazonaws.com\"}}],\"Version\":\"2012-10-17\"}",
            "create_date": "2026-09-12T06:38:02Z",
            "description": "",
            "force_detach_policies": false,
            "id": "cloudpulse-cnapp-eks-node-group-role",
            "inline_policy": [],
            "managed_policy_arns": [],
            "max_session_duration": 3600,
            "name": "cloudpulse-cnapp-eks-node-group-role",
            "name_prefix": "",
            "path": "/",
            "permissions_boundary": "",
            "tags": null,
            "tags_all": {
              "Environment": "Production-Demo",
              "ManagedBy": "Terraform",
              "Platform": "Cortex-Cloud-SecOps",
              "Project": "CloudPulse-CNAPP-Showcase"
            },
            "unique_id": "AROA3AIX5VKPCPBO36L3W"
          },
          "sensitive_attributes": [],
          "identity_schema_version": 0,
          "private": "bnVsbA=="
        }
      ]
    },
    {
      "mode": "managed",
      "type": "aws_iam_role",
      "name": "github_actions_deployer",
      "provider": "provider[\"registry.terraform.io/hashicorp/aws\"]",
      "instances": [
        {
          "schema_version": 0,
          "attributes": {
            "arn": "arn:aws:iam::756501293726:role/cloudpulse-cnapp-eks-github-deployer-role",
            "assume_role_policy": "{\"Statement\":[{\"Action\":\"sts:AssumeRoleWithWebIdentity\",\"Condition\":{\"StringLike\":{\"token.actions.githubusercontent.com:sub\":\"repo:*:*\"}},\"Effect\":\"Allow\",\"Principal\":{\"Federated\":\"arn:aws:iam::756501293726:oidc-provider/token.actions.githubusercontent.com\"}}],\"Version\":\"2012-10-17\"}",
            "create_date": "2026-09-12T06:38:03Z",
            "description": "",
            "force_detach_policies": false,
            "id": "cloudpulse-cnapp-eks-github-deployer-role",
            "inline_policy": [],
            "managed_policy_arns": [],
            "max_session_duration": 3600,
            "name": "cloudpulse-cnapp-eks-github-deployer-role",
            "name_prefix": "",
            "path": "/",
            "permissions_boundary": "",
            "tags": null,
            "tags_all": {
              "Environment": "Production-Demo",
              "ManagedBy": "Terraform",
              "Platform": "Cortex-Cloud-SecOps",
              "Project": "CloudPulse-CNAPP-Showcase"
            },
            "unique_id": "AROA3AIX5VKPGG2FU5XWZ"
          },
          "sensitive_attributes": [],
          "identity_schema_version": 0,
          "private": "bnVsbA==",
          "dependencies": [
            "aws_iam_openid_connect_provider.github_actions",
            "data.tls_certificate.github"
          ]
        }
      ]
    },
    {
      "mode": "managed",
      "type": "aws_iam_role_policy_attachment",
      "name": "ciem_attach",
      "provider": "provider[\"registry.terraform.io/hashicorp/aws\"]",
      "instances": [
        {
          "schema_version": 0,
          "attributes": {
            "id": "CloudPulse-CloudOps-OverprivilegedServiceRole-20260912063804150200000004",
            "policy_arn": "arn:aws:iam::756501293726:policy/CloudPulse-Wildcard-Admin-Policy",
            "role": "CloudPulse-CloudOps-OverprivilegedServiceRole"
          },
          "sensitive_attributes": [],
          "identity_schema_version": 0,
          "private": "bnVsbA==",
          "dependencies": [
            "aws_iam_policy.wildcard_admin_access",
            "aws_iam_role.ciem_overprivileged_role",
            "data.aws_caller_identity.current"
          ]
        }
      ]
    },
    {
      "mode": "managed",
      "type": "aws_iam_role_policy_attachment",
      "name": "eks_cluster_policy",
      "provider": "provider[\"registry.terraform.io/hashicorp/aws\"]",
      "instances": [
        {
          "schema_version": 0,
          "attributes": {
            "id": "cloudpulse-cnapp-eks-control-plane-role-20260912063804234800000007",
            "policy_arn": "arn:aws:iam::aws:policy/AmazonEKSClusterPolicy",
            "role": "cloudpulse-cnapp-eks-control-plane-role"
          },
          "sensitive_attributes": [],
          "identity_schema_version": 0,
          "private": "bnVsbA==",
          "dependencies": [
            "aws_iam_role.eks_control_plane"
          ]
        }
      ]
    },
    {
      "mode": "managed",
      "type": "aws_iam_role_policy_attachment",
      "name": "eks_vpc_controller",
      "provider": "provider[\"registry.terraform.io/hashicorp/aws\"]",
      "instances": [
        {
          "schema_version": 0,
          "attributes": {
            "id": "cloudpulse-cnapp-eks-control-plane-role-20260912063804248400000009",
            "policy_arn": "arn:aws:iam::aws:policy/AmazonEKSVPCResourceController",
            "role": "cloudpulse-cnapp-eks-control-plane-role"
          },
          "sensitive_attributes": [],
          "identity_schema_version": 0,
          "private": "bnVsbA==",
          "dependencies": [
            "aws_iam_role.eks_control_plane"
          ]
        }
      ]
    },
    {
      "mode": "managed",
      "type": "aws_iam_role_policy_attachment",
      "name": "github_deployer_attach",
      "provider": "provider[\"registry.terraform.io/hashicorp/aws\"]",
      "instances": [
        {
          "schema_version": 0,
          "attributes": {
            "id": "cloudpulse-cnapp-eks-github-deployer-role-2026091206380513330000000a",
            "policy_arn": "arn:aws:iam::756501293726:policy/cloudpulse-cnapp-eks-github-deployer-policy",
            "role": "cloudpulse-cnapp-eks-github-deployer-role"
          },
          "sensitive_attributes": [],
          "identity_schema_version": 0,
          "private": "bnVsbA==",
          "dependencies": [
            "aws_iam_openid_connect_provider.github_actions",
            "aws_iam_policy.github_deployer_policy",
            "aws_iam_role.github_actions_deployer",
            "data.tls_certificate.github"
          ]
        }
      ]
    },
    {
      "mode": "managed",
      "type": "aws_iam_role_policy_attachment",
      "name": "node_cni_policy",
      "provider": "provider[\"registry.terraform.io/hashicorp/aws\"]",
      "instances": [
        {
          "schema_version": 0,
          "attributes": {
            "id": "cloudpulse-cnapp-eks-node-group-role-20260912063804202200000005",
            "policy_arn": "arn:aws:iam::aws:policy/AmazonEKS_CNI_Policy",
            "role": "cloudpulse-cnapp-eks-node-group-role"
          },
          "sensitive_attributes": [],
          "identity_schema_version": 0,
          "private": "bnVsbA==",
          "dependencies": [
            "aws_iam_role.eks_node_role"
          ]
        }
      ]
    },
    {
      "mode": "managed",
      "type": "aws_iam_role_policy_attachment",
      "name": "node_ecr_read",
      "provider": "provider[\"registry.terraform.io/hashicorp/aws\"]",
      "instances": [
        {
          "schema_version": 0,
          "attributes": {
            "id": "cloudpulse-cnapp-eks-node-group-role-20260912063804214800000006",
            "policy_arn": "arn:aws:iam::aws:policy/AmazonEC2ContainerRegistryReadOnly",
            "role": "cloudpulse-cnapp-eks-node-group-role"
          },
          "sensitive_attributes": [],
          "identity_schema_version": 0,
          "private": "bnVsbA==",
          "dependencies": [
            "aws_iam_role.eks_node_role"
          ]
        }
      ]
    },
    {
      "mode": "managed",
      "type": "aws_iam_role_policy_attachment",
      "name": "node_worker_policy",
      "provider": "provider[\"registry.terraform.io/hashicorp/aws\"]",
      "instances": [
        {
          "schema_version": 0,
          "attributes": {
            "id": "cloudpulse-cnapp-eks-node-group-role-20260912063804248400000008",
            "policy_arn": "arn:aws:iam::aws:policy/AmazonEKSWorkerNodePolicy",
            "role": "cloudpulse-cnapp-eks-node-group-role"
          },
          "sensitive_attributes": [],
          "identity_schema_version": 0,
          "private": "bnVsbA==",
          "dependencies": [
            "aws_iam_role.eks_node_role"
          ]
        }
      ]
    },
    {
      "mode": "managed",
      "type": "aws_internet_gateway",
      "name": "main",
      "provider": "provider[\"registry.terraform.io/hashicorp/aws\"]",
      "instances": [
        {
          "schema_version": 0,
          "attributes": {
            "arn": "arn:aws:ec2:ap-south-1:756501293726:internet-gateway/igw-018ed3abdf997e651",
            "id": "igw-018ed3abdf997e651",
            "owner_id": "756501293726",
            "tags": {
              "Name": "cloudpulse-cnapp-eks-igw"
            },
            "tags_all": {
              "Environment": "Production-Demo",
              "ManagedBy": "Terraform",
              "Name": "cloudpulse-cnapp-eks-igw",
              "Platform": "Cortex-Cloud-SecOps",
              "Project": "CloudPulse-CNAPP-Showcase"
            },
            "timeouts": null,
            "vpc_id": "vpc-0ded1ddec8c82dd30"
          },
          "sensitive_attributes": [],
          "identity_schema_version": 0,
          "private": "eyJlMmJmYjczMC1lY2FhLTExZTYtOGY4OC0zNDM2M2JjN2M0YzAiOnsiY3JlYXRlIjoxMjAwMDAwMDAwMDAwLCJkZWxldGUiOjEyMDAwMDAwMDAwMDAsInVwZGF0ZSI6MTIwMDAwMDAwMDAwMH19",
          "dependencies": [
            "aws_vpc.main"
          ]
        }
      ]
    },
    {
      "mode": "managed",
      "type": "aws_launch_template",
      "name": "worker_nodes",
      "provider": "provider[\"registry.terraform.io/hashicorp/aws\"]",
      "instances": [
        {
          "schema_version": 0,
          "attributes": {
            "arn": "arn:aws:ec2:ap-south-1:756501293726:launch-template/lt-03a99691d098658c1",
            "block_device_mappings": [],
            "capacity_reservation_specification": [],
            "cpu_options": [],
            "credit_specification": [],
            "default_version": 1,
            "description": "",
            "disable_api_stop": false,
            "disable_api_termination": false,
            "ebs_optimized": "",
            "elastic_gpu_specifications": [],
            "elastic_inference_accelerator": [],
            "enclave_options": [],
            "hibernation_options": [],
            "iam_instance_profile": [],
            "id": "lt-03a99691d098658c1",
            "image_id": "",
            "instance_initiated_shutdown_behavior": "",
            "instance_market_options": [],
            "instance_requirements": [],
            "instance_type": "t3.medium",
            "kernel_id": "",
            "key_name": "",
            "latest_version": 1,
            "license_specification": [],
            "maintenance_options": [],
            "metadata_options": [
              {
                "http_endpoint": "enabled",
                "http_protocol_ipv6": "",
                "http_put_response_hop_limit": 2,
                "http_tokens": "optional",
                "instance_metadata_tags": ""
              }
            ],
            "monitoring": [
              {
                "enabled": true
              }
            ],
            "name": "cloudpulse-cnapp-eks-node-20260912063801589500000002",
            "name_prefix": "cloudpulse-cnapp-eks-node-",
            "network_interfaces": [],
            "placement": [],
            "private_dns_name_options": [],
            "ram_disk_id": "",
            "security_group_names": null,
            "tag_specifications": [
              {
                "resource_type": "instance",
                "tags": {
                  "Name": "cloudpulse-cnapp-eks-node"
                }
              }
            ],
            "tags": null,
            "tags_all": {
              "Environment": "Production-Demo",
              "ManagedBy": "Terraform",
              "Platform": "Cortex-Cloud-SecOps",
              "Project": "CloudPulse-CNAPP-Showcase"
            },
            "update_default_version": null,
            "user_data": "",
            "vpc_security_group_ids": null
          },
          "sensitive_attributes": [],
          "identity_schema_version": 0,
          "private": "bnVsbA=="
        }
      ]
    },
    {
      "mode": "managed",
      "type": "aws_nat_gateway",
      "name": "main",
      "provider": "provider[\"registry.terraform.io/hashicorp/aws\"]",
      "instances": [
        {
          "schema_version": 0,
          "attributes": {
            "allocation_id": "eipalloc-08466a70eb20fab44",
            "association_id": "eipassoc-0f782d686f4b66df9",
            "connectivity_type": "public",
            "id": "nat-07d9bc2cd4af0b3dd",
            "network_interface_id": "eni-02b7dc75d43a96c64",
            "private_ip": "10.120.1.112",
            "public_ip": "13.206.40.231",
            "secondary_allocation_ids": null,
            "secondary_private_ip_address_count": 0,
            "secondary_private_ip_addresses": [],
            "subnet_id": "subnet-0a7e29d28ba3db51f",
            "tags": {
              "Name": "cloudpulse-cnapp-eks-nat"
            },
            "tags_all": {
              "Environment": "Production-Demo",
              "ManagedBy": "Terraform",
              "Name": "cloudpulse-cnapp-eks-nat",
              "Platform": "Cortex-Cloud-SecOps",
              "Project": "CloudPulse-CNAPP-Showcase"
            },
            "timeouts": null
          },
          "sensitive_attributes": [],
          "identity_schema_version": 0,
          "private": "eyJlMmJmYjczMC1lY2FhLTExZTYtOGY4OC0zNDM2M2JjN2M0YzAiOnsiY3JlYXRlIjo2MDAwMDAwMDAwMDAsImRlbGV0ZSI6MTgwMDAwMDAwMDAwMCwidXBkYXRlIjo2MDAwMDAwMDAwMDB9fQ==",
          "dependencies": [
            "aws_eip.nat",
            "aws_internet_gateway.main",
            "aws_subnet.public",
            "aws_vpc.main",
            "data.aws_availability_zones.available"
          ]
        }
      ]
    },
    {
      "mode": "managed",
      "type": "aws_route_table",
      "name": "private",
      "provider": "provider[\"registry.terraform.io/hashicorp/aws\"]",
      "instances": [
        {
          "schema_version": 0,
          "attributes": {
            "arn": "arn:aws:ec2:ap-south-1:756501293726:route-table/rtb-02265c932dd9c8b79",
            "id": "rtb-02265c932dd9c8b79",
            "owner_id": "756501293726",
            "propagating_vgws": [],
            "route": [
              {
                "carrier_gateway_id": "",
                "cidr_block": "0.0.0.0/0",
                "core_network_arn": "",
                "destination_prefix_list_id": "",
                "egress_only_gateway_id": "",
                "gateway_id": "",
                "ipv6_cidr_block": "",
                "local_gateway_id": "",
                "nat_gateway_id": "nat-07d9bc2cd4af0b3dd",
                "network_interface_id": "",
                "transit_gateway_id": "",
                "vpc_endpoint_id": "",
                "vpc_peering_connection_id": ""
              }
            ],
            "tags": {
              "Name": "cloudpulse-cnapp-eks-private-rt"
            },
            "tags_all": {
              "Environment": "Production-Demo",
              "ManagedBy": "Terraform",
              "Name": "cloudpulse-cnapp-eks-private-rt",
              "Platform": "Cortex-Cloud-SecOps",
              "Project": "CloudPulse-CNAPP-Showcase"
            },
            "timeouts": null,
            "vpc_id": "vpc-0ded1ddec8c82dd30"
          },
          "sensitive_attributes": [],
          "identity_schema_version": 0,
          "private": "eyJlMmJmYjczMC1lY2FhLTExZTYtOGY4OC0zNDM2M2JjN2M0YzAiOnsiY3JlYXRlIjozMDAwMDAwMDAwMDAsImRlbGV0ZSI6MzAwMDAwMDAwMDAwLCJ1cGRhdGUiOjEyMDAwMDAwMDAwMH19",
          "dependencies": [
            "aws_eip.nat",
            "aws_internet_gateway.main",
            "aws_nat_gateway.main",
            "aws_subnet.public",
            "aws_vpc.main",
            "data.aws_availability_zones.available"
          ]
        }
      ]
    },
    {
      "mode": "managed",
      "type": "aws_route_table",
      "name": "public",
      "provider": "provider[\"registry.terraform.io/hashicorp/aws\"]",
      "instances": [
        {
          "schema_version": 0,
          "attributes": {
            "arn": "arn:aws:ec2:ap-south-1:756501293726:route-table/rtb-0c09a9042b06ff4ef",
            "id": "rtb-0c09a9042b06ff4ef",
            "owner_id": "756501293726",
            "propagating_vgws": [],
            "route": [
              {
                "carrier_gateway_id": "",
                "cidr_block": "0.0.0.0/0",
                "core_network_arn": "",
                "destination_prefix_list_id": "",
                "egress_only_gateway_id": "",
                "gateway_id": "igw-018ed3abdf997e651",
                "ipv6_cidr_block": "",
                "local_gateway_id": "",
                "nat_gateway_id": "",
                "network_interface_id": "",
                "transit_gateway_id": "",
                "vpc_endpoint_id": "",
                "vpc_peering_connection_id": ""
              }
            ],
            "tags": {
              "Name": "cloudpulse-cnapp-eks-public-rt"
            },
            "tags_all": {
              "Environment": "Production-Demo",
              "ManagedBy": "Terraform",
              "Name": "cloudpulse-cnapp-eks-public-rt",
              "Platform": "Cortex-Cloud-SecOps",
              "Project": "CloudPulse-CNAPP-Showcase"
            },
            "timeouts": null,
            "vpc_id": "vpc-0ded1ddec8c82dd30"
          },
          "sensitive_attributes": [],
          "identity_schema_version": 0,
          "private": "eyJlMmJmYjczMC1lY2FhLTExZTYtOGY4OC0zNDM2M2JjN2M0YzAiOnsiY3JlYXRlIjozMDAwMDAwMDAwMDAsImRlbGV0ZSI6MzAwMDAwMDAwMDAwLCJ1cGRhdGUiOjEyMDAwMDAwMDAwMH19",
          "dependencies": [
            "aws_internet_gateway.main",
            "aws_vpc.main"
          ]
        }
      ]
    },
    {
      "mode": "managed",
      "type": "aws_route_table_association",
      "name": "private",
      "provider": "provider[\"registry.terraform.io/hashicorp/aws\"]",
      "instances": [
        {
          "index_key": 0,
          "schema_version": 0,
          "attributes": {
            "gateway_id": "",
            "id": "rtbassoc-0878294241c1f078d",
            "route_table_id": "rtb-02265c932dd9c8b79",
            "subnet_id": "subnet-0d9b2f8559f17e8e5",
            "timeouts": null
          },
          "sensitive_attributes": [],
          "identity_schema_version": 0,
          "private": "eyJlMmJmYjczMC1lY2FhLTExZTYtOGY4OC0zNDM2M2JjN2M0YzAiOnsiY3JlYXRlIjozMDAwMDAwMDAwMDAsImRlbGV0ZSI6MzAwMDAwMDAwMDAwLCJ1cGRhdGUiOjEyMDAwMDAwMDAwMH19",
          "dependencies": [
            "aws_eip.nat",
            "aws_internet_gateway.main",
            "aws_nat_gateway.main",
            "aws_route_table.private",
            "aws_subnet.private",
            "aws_subnet.public",
            "aws_vpc.main",
            "data.aws_availability_zones.available"
          ]
        },
        {
          "index_key": 1,
          "schema_version": 0,
          "attributes": {
            "gateway_id": "",
            "id": "rtbassoc-03a9f4b91e13688d0",
            "route_table_id": "rtb-02265c932dd9c8b79",
            "subnet_id": "subnet-0422149a7b8f36981",
            "timeouts": null
          },
          "sensitive_attributes": [],
          "identity_schema_version": 0,
          "private": "eyJlMmJmYjczMC1lY2FhLTExZTYtOGY4OC0zNDM2M2JjN2M0YzAiOnsiY3JlYXRlIjozMDAwMDAwMDAwMDAsImRlbGV0ZSI6MzAwMDAwMDAwMDAwLCJ1cGRhdGUiOjEyMDAwMDAwMDAwMH19",
          "dependencies": [
            "aws_eip.nat",
            "aws_internet_gateway.main",
            "aws_nat_gateway.main",
            "aws_route_table.private",
            "aws_subnet.private",
            "aws_subnet.public",
            "aws_vpc.main",
            "data.aws_availability_zones.available"
          ]
        }
      ]
    },
    {
      "mode": "managed",
      "type": "aws_route_table_association",
      "name": "public",
      "provider": "provider[\"registry.terraform.io/hashicorp/aws\"]",
      "instances": [
        {
          "index_key": 0,
          "schema_version": 0,
          "attributes": {
            "gateway_id": "",
            "id": "rtbassoc-0a18fea4b05a66875",
            "route_table_id": "rtb-0c09a9042b06ff4ef",
            "subnet_id": "subnet-0a7e29d28ba3db51f",
            "timeouts": null
          },
          "sensitive_attributes": [],
          "identity_schema_version": 0,
          "private": "eyJlMmJmYjczMC1lY2FhLTExZTYtOGY4OC0zNDM2M2JjN2M0YzAiOnsiY3JlYXRlIjozMDAwMDAwMDAwMDAsImRlbGV0ZSI6MzAwMDAwMDAwMDAwLCJ1cGRhdGUiOjEyMDAwMDAwMDAwMH19",
          "dependencies": [
            "aws_internet_gateway.main",
            "aws_route_table.public",
            "aws_subnet.public",
            "aws_vpc.main",
            "data.aws_availability_zones.available"
          ]
        },
        {
          "index_key": 1,
          "schema_version": 0,
          "attributes": {
            "gateway_id": "",
            "id": "rtbassoc-00c4f8d1d5e4cd0a6",
            "route_table_id": "rtb-0c09a9042b06ff4ef",
            "subnet_id": "subnet-008781fa04c16af1a",
            "timeouts": null
          },
          "sensitive_attributes": [],
          "identity_schema_version": 0,
          "private": "eyJlMmJmYjczMC1lY2FhLTExZTYtOGY4OC0zNDM2M2JjN2M0YzAiOnsiY3JlYXRlIjozMDAwMDAwMDAwMDAsImRlbGV0ZSI6MzAwMDAwMDAwMDAwLCJ1cGRhdGUiOjEyMDAwMDAwMDAwMH19",
          "dependencies": [
            "aws_internet_gateway.main",
            "aws_route_table.public",
            "aws_subnet.public",
            "aws_vpc.main",
            "data.aws_availability_zones.available"
          ]
        }
      ]
    },
    {
      "mode": "managed",
      "type": "aws_s3_bucket",
      "name": "dspm_vault",
      "provider": "provider[\"registry.terraform.io/hashicorp/aws\"]",
      "instances": [
        {
          "schema_version": 0,
          "attributes": {
            "acceleration_status": "",
            "acl": null,
            "arn": "arn:aws:s3:::cloudpulse-restricted-data-vault-20260912063801589000000001",
            "bucket": "cloudpulse-restricted-data-vault-20260912063801589000000001",
            "bucket_domain_name": "cloudpulse-restricted-data-vault-20260912063801589000000001.s3.amazonaws.com",
            "bucket_prefix": "cloudpulse-restricted-data-vault-",
            "bucket_regional_domain_name": "cloudpulse-restricted-data-vault-20260912063801589000000001.s3.ap-south-1.amazonaws.com",
            "cors_rule": [],
            "force_destroy": true,
            "grant": [
              {
                "id": "13cdc1b9b4b5f4097612ee2ffc872f831c6d71aad07bdb0fdeb97493699840cc",
                "permissions": [
                  "FULL_CONTROL"
                ],
                "type": "CanonicalUser",
                "uri": ""
              }
            ],
            "hosted_zone_id": "Z11RGJOFQNVJUP",
            "id": "cloudpulse-restricted-data-vault-20260912063801589000000001",
            "lifecycle_rule": [],
            "logging": [],
            "object_lock_configuration": [],
            "object_lock_enabled": false,
            "policy": "",
            "region": "ap-south-1",
            "replication_configuration": [],
            "request_payer": "BucketOwner",
            "server_side_encryption_configuration": [
              {
                "rule": [
                  {
                    "apply_server_side_encryption_by_default": [
                      {
                        "kms_master_key_id": "",
                        "sse_algorithm": "AES256"
                      }
                    ],
                    "bucket_key_enabled": false
                  }
                ]
              }
            ],
            "tags": {
              "ComplianceScope": "PCI-DSS_HIPAA",
              "DataClassification": "RESTRICTED_CONFIDENTIAL"
            },
            "tags_all": {
              "ComplianceScope": "PCI-DSS_HIPAA",
              "DataClassification": "RESTRICTED_CONFIDENTIAL",
              "Environment": "Production-Demo",
              "ManagedBy": "Terraform",
              "Platform": "Cortex-Cloud-SecOps",
              "Project": "CloudPulse-CNAPP-Showcase"
            },
            "timeouts": null,
            "versioning": [
              {
                "enabled": false,
                "mfa_delete": false
              }
            ],
            "website": [],
            "website_domain": null,
            "website_endpoint": null
          },
          "sensitive_attributes": [],
          "identity_schema_version": 0,
          "private": "eyJlMmJmYjczMC1lY2FhLTExZTYtOGY4OC0zNDM2M2JjN2M0YzAiOnsiY3JlYXRlIjoxMjAwMDAwMDAwMDAwLCJkZWxldGUiOjM2MDAwMDAwMDAwMDAsInJlYWQiOjEyMDAwMDAwMDAwMDAsInVwZGF0ZSI6MTIwMDAwMDAwMDAwMH19"
        }
      ]
    },
    {
      "mode": "managed",
      "type": "aws_s3_bucket_public_access_block",
      "name": "dspm_vault_access",
      "provider": "provider[\"registry.terraform.io/hashicorp/aws\"]",
      "instances": [
        {
          "schema_version": 0,
          "attributes": {
            "block_public_acls": false,
            "block_public_policy": false,
            "bucket": "cloudpulse-restricted-data-vault-20260912063801589000000001",
            "id": "cloudpulse-restricted-data-vault-20260912063801589000000001",
            "ignore_public_acls": false,
            "restrict_public_buckets": false
          },
          "sensitive_attributes": [],
          "identity_schema_version": 0,
          "private": "bnVsbA==",
          "dependencies": [
            "aws_s3_bucket.dspm_vault"
          ]
        }
      ]
    },
    {
      "mode": "managed",
      "type": "aws_s3_object",
      "name": "synthetic_pii_upload",
      "provider": "provider[\"registry.terraform.io/hashicorp/aws\"]",
      "instances": [
        {
          "schema_version": 0,
          "attributes": {
            "acl": null,
            "arn": "arn:aws:s3:::cloudpulse-restricted-data-vault-20260912063801589000000001/exports/financial_records_confidential.csv",
            "bucket": "cloudpulse-restricted-data-vault-20260912063801589000000001",
            "bucket_key_enabled": false,
            "cache_control": "",
            "checksum_algorithm": null,
            "checksum_crc32": "",
            "checksum_crc32c": "",
            "checksum_crc64nvme": "",
            "checksum_sha1": "",
            "checksum_sha256": "",
            "content": "account_id,primary_contact,ssn,credit_card,billing_address,limit_usd\nACC-9821,Sarah Jenkins,901-23-4567,4111-2222-3333-4444,\"100 Market St, San Francisco, CA\",50000\nACC-9822,David Kim,812-34-5678,5500-0000-0000-0004,\"240 Wall St, New York, NY\",75000\nACC-9823,Rachel Green,723-45-6789,3782-822463-10005,\"500 Boylston St, Boston, MA\",120000\n",
            "content_base64": null,
            "content_disposition": "",
            "content_encoding": "",
            "content_language": "",
            "content_type": "text/csv",
            "etag": "0ea3121a9692fe4cb5e63b2639186607",
            "force_destroy": false,
            "id": "exports/financial_records_confidential.csv",
            "key": "exports/financial_records_confidential.csv",
            "kms_key_id": null,
            "metadata": null,
            "object_lock_legal_hold_status": "",
            "object_lock_mode": "",
            "object_lock_retain_until_date": "",
            "override_provider": [],
            "server_side_encryption": "AES256",
            "source": null,
            "source_hash": null,
            "storage_class": "STANDARD",
            "tags": null,
            "tags_all": {
              "Environment": "Production-Demo",
              "ManagedBy": "Terraform",
              "Platform": "Cortex-Cloud-SecOps",
              "Project": "CloudPulse-CNAPP-Showcase"
            },
            "version_id": "",
            "website_redirect": ""
          },
          "sensitive_attributes": [],
          "identity_schema_version": 0,
          "private": "bnVsbA==",
          "dependencies": [
            "aws_s3_bucket.dspm_vault"
          ]
        }
      ]
    },
    {
      "mode": "managed",
      "type": "aws_security_group",
      "name": "eks_cluster_sg",
      "provider": "provider[\"registry.terraform.io/hashicorp/aws\"]",
      "instances": [
        {
          "schema_version": 1,
          "attributes": {
            "arn": "arn:aws:ec2:ap-south-1:756501293726:security-group/sg-07c068215a51c1ead",
            "description": "Security group for EKS control plane",
            "egress": [
              {
                "cidr_blocks": [
                  "0.0.0.0/0"
                ],
                "description": "",
                "from_port": 0,
                "ipv6_cidr_blocks": [],
                "prefix_list_ids": [],
                "protocol": "-1",
                "security_groups": [],
                "self": false,
                "to_port": 0
              }
            ],
            "id": "sg-07c068215a51c1ead",
            "ingress": [],
            "name": "cloudpulse-cnapp-eks-cluster-sg",
            "name_prefix": "",
            "owner_id": "756501293726",
            "revoke_rules_on_delete": false,
            "tags": {
              "Name": "cloudpulse-cnapp-eks-cluster-sg"
            },
            "tags_all": {
              "Environment": "Production-Demo",
              "ManagedBy": "Terraform",
              "Name": "cloudpulse-cnapp-eks-cluster-sg",
              "Platform": "Cortex-Cloud-SecOps",
              "Project": "CloudPulse-CNAPP-Showcase"
            },
            "timeouts": null,
            "vpc_id": "vpc-0ded1ddec8c82dd30"
          },
          "sensitive_attributes": [],
          "identity_schema_version": 0,
          "private": "eyJlMmJmYjczMC1lY2FhLTExZTYtOGY4OC0zNDM2M2JjN2M0YzAiOnsiY3JlYXRlIjo2MDAwMDAwMDAwMDAsImRlbGV0ZSI6OTAwMDAwMDAwMDAwfSwic2NoZW1hX3ZlcnNpb24iOiIxIn0=",
          "dependencies": [
            "aws_vpc.main"
          ]
        }
      ]
    },
    {
      "mode": "managed",
      "type": "aws_subnet",
      "name": "private",
      "provider": "provider[\"registry.terraform.io/hashicorp/aws\"]",
      "instances": [
        {
          "index_key": 0,
          "schema_version": 1,
          "attributes": {
            "arn": "arn:aws:ec2:ap-south-1:756501293726:subnet/subnet-0d9b2f8559f17e8e5",
            "assign_ipv6_address_on_creation": false,
            "availability_zone": "ap-south-1a",
            "availability_zone_id": "aps1-az1",
            "cidr_block": "10.120.32.0/20",
            "customer_owned_ipv4_pool": "",
            "enable_dns64": false,
            "enable_lni_at_device_index": 0,
            "enable_resource_name_dns_a_record_on_launch": false,
            "enable_resource_name_dns_aaaa_record_on_launch": false,
            "id": "subnet-0d9b2f8559f17e8e5",
            "ipv6_cidr_block": "",
            "ipv6_cidr_block_association_id": "",
            "ipv6_native": false,
            "map_customer_owned_ip_on_launch": false,
            "map_public_ip_on_launch": false,
            "outpost_arn": "",
            "owner_id": "756501293726",
            "private_dns_hostname_type_on_launch": "ip-name",
            "tags": {
              "Name": "cloudpulse-cnapp-eks-private-0",
              "kubernetes.io/cluster/cloudpulse-cnapp-eks": "shared",
              "kubernetes.io/role/internal-elb": "1"
            },
            "tags_all": {
              "Environment": "Production-Demo",
              "ManagedBy": "Terraform",
              "Name": "cloudpulse-cnapp-eks-private-0",
              "Platform": "Cortex-Cloud-SecOps",
              "Project": "CloudPulse-CNAPP-Showcase",
              "kubernetes.io/cluster/cloudpulse-cnapp-eks": "shared",
              "kubernetes.io/role/internal-elb": "1"
            },
            "timeouts": null,
            "vpc_id": "vpc-0ded1ddec8c82dd30"
          },
          "sensitive_attributes": [],
          "identity_schema_version": 0,
          "private": "eyJlMmJmYjczMC1lY2FhLTExZTYtOGY4OC0zNDM2M2JjN2M0YzAiOnsiY3JlYXRlIjo2MDAwMDAwMDAwMDAsImRlbGV0ZSI6MTIwMDAwMDAwMDAwMH0sInNjaGVtYV92ZXJzaW9uIjoiMSJ9",
          "dependencies": [
            "aws_vpc.main",
            "data.aws_availability_zones.available"
          ]
        },
        {
          "index_key": 1,
          "schema_version": 1,
          "attributes": {
            "arn": "arn:aws:ec2:ap-south-1:756501293726:subnet/subnet-0422149a7b8f36981",
            "assign_ipv6_address_on_creation": false,
            "availability_zone": "ap-south-1b",
            "availability_zone_id": "aps1-az3",
            "cidr_block": "10.120.48.0/20",
            "customer_owned_ipv4_pool": "",
            "enable_dns64": false,
            "enable_lni_at_device_index": 0,
            "enable_resource_name_dns_a_record_on_launch": false,
            "enable_resource_name_dns_aaaa_record_on_launch": false,
            "id": "subnet-0422149a7b8f36981",
            "ipv6_cidr_block": "",
            "ipv6_cidr_block_association_id": "",
            "ipv6_native": false,
            "map_customer_owned_ip_on_launch": false,
            "map_public_ip_on_launch": false,
            "outpost_arn": "",
            "owner_id": "756501293726",
            "private_dns_hostname_type_on_launch": "ip-name",
            "tags": {
              "Name": "cloudpulse-cnapp-eks-private-1",
              "kubernetes.io/cluster/cloudpulse-cnapp-eks": "shared",
              "kubernetes.io/role/internal-elb": "1"
            },
            "tags_all": {
              "Environment": "Production-Demo",
              "ManagedBy": "Terraform",
              "Name": "cloudpulse-cnapp-eks-private-1",
              "Platform": "Cortex-Cloud-SecOps",
              "Project": "CloudPulse-CNAPP-Showcase",
              "kubernetes.io/cluster/cloudpulse-cnapp-eks": "shared",
              "kubernetes.io/role/internal-elb": "1"
            },
            "timeouts": null,
            "vpc_id": "vpc-0ded1ddec8c82dd30"
          },
          "sensitive_attributes": [],
          "identity_schema_version": 0,
          "private": "eyJlMmJmYjczMC1lY2FhLTExZTYtOGY4OC0zNDM2M2JjN2M0YzAiOnsiY3JlYXRlIjo2MDAwMDAwMDAwMDAsImRlbGV0ZSI6MTIwMDAwMDAwMDAwMH0sInNjaGVtYV92ZXJzaW9uIjoiMSJ9",
          "dependencies": [
            "aws_vpc.main",
            "data.aws_availability_zones.available"
          ]
        }
      ]
    },
    {
      "mode": "managed",
      "type": "aws_subnet",
      "name": "public",
      "provider": "provider[\"registry.terraform.io/hashicorp/aws\"]",
      "instances": [
        {
          "index_key": 0,
          "schema_version": 1,
          "attributes": {
            "arn": "arn:aws:ec2:ap-south-1:756501293726:subnet/subnet-0a7e29d28ba3db51f",
            "assign_ipv6_address_on_creation": false,
            "availability_zone": "ap-south-1a",
            "availability_zone_id": "aps1-az1",
            "cidr_block": "10.120.0.0/20",
            "customer_owned_ipv4_pool": "",
            "enable_dns64": false,
            "enable_lni_at_device_index": 0,
            "enable_resource_name_dns_a_record_on_launch": false,
            "enable_resource_name_dns_aaaa_record_on_launch": false,
            "id": "subnet-0a7e29d28ba3db51f",
            "ipv6_cidr_block": "",
            "ipv6_cidr_block_association_id": "",
            "ipv6_native": false,
            "map_customer_owned_ip_on_launch": false,
            "map_public_ip_on_launch": true,
            "outpost_arn": "",
            "owner_id": "756501293726",
            "private_dns_hostname_type_on_launch": "ip-name",
            "tags": {
              "Name": "cloudpulse-cnapp-eks-public-0",
              "kubernetes.io/cluster/cloudpulse-cnapp-eks": "shared",
              "kubernetes.io/role/elb": "1"
            },
            "tags_all": {
              "Environment": "Production-Demo",
              "ManagedBy": "Terraform",
              "Name": "cloudpulse-cnapp-eks-public-0",
              "Platform": "Cortex-Cloud-SecOps",
              "Project": "CloudPulse-CNAPP-Showcase",
              "kubernetes.io/cluster/cloudpulse-cnapp-eks": "shared",
              "kubernetes.io/role/elb": "1"
            },
            "timeouts": null,
            "vpc_id": "vpc-0ded1ddec8c82dd30"
          },
          "sensitive_attributes": [],
          "identity_schema_version": 0,
          "private": "eyJlMmJmYjczMC1lY2FhLTExZTYtOGY4OC0zNDM2M2JjN2M0YzAiOnsiY3JlYXRlIjo2MDAwMDAwMDAwMDAsImRlbGV0ZSI6MTIwMDAwMDAwMDAwMH0sInNjaGVtYV92ZXJzaW9uIjoiMSJ9",
          "dependencies": [
            "aws_vpc.main",
            "data.aws_availability_zones.available"
          ]
        },
        {
          "index_key": 1,
          "schema_version": 1,
          "attributes": {
            "arn": "arn:aws:ec2:ap-south-1:756501293726:subnet/subnet-008781fa04c16af1a",
            "assign_ipv6_address_on_creation": false,
            "availability_zone": "ap-south-1b",
            "availability_zone_id": "aps1-az3",
            "cidr_block": "10.120.16.0/20",
            "customer_owned_ipv4_pool": "",
            "enable_dns64": false,
            "enable_lni_at_device_index": 0,
            "enable_resource_name_dns_a_record_on_launch": false,
            "enable_resource_name_dns_aaaa_record_on_launch": false,
            "id": "subnet-008781fa04c16af1a",
            "ipv6_cidr_block": "",
            "ipv6_cidr_block_association_id": "",
            "ipv6_native": false,
            "map_customer_owned_ip_on_launch": false,
            "map_public_ip_on_launch": true,
            "outpost_arn": "",
            "owner_id": "756501293726",
            "private_dns_hostname_type_on_launch": "ip-name",
            "tags": {
              "Name": "cloudpulse-cnapp-eks-public-1",
              "kubernetes.io/cluster/cloudpulse-cnapp-eks": "shared",
              "kubernetes.io/role/elb": "1"
            },
            "tags_all": {
              "Environment": "Production-Demo",
              "ManagedBy": "Terraform",
              "Name": "cloudpulse-cnapp-eks-public-1",
              "Platform": "Cortex-Cloud-SecOps",
              "Project": "CloudPulse-CNAPP-Showcase",
              "kubernetes.io/cluster/cloudpulse-cnapp-eks": "shared",
              "kubernetes.io/role/elb": "1"
            },
            "timeouts": null,
            "vpc_id": "vpc-0ded1ddec8c82dd30"
          },
          "sensitive_attributes": [],
          "identity_schema_version": 0,
          "private": "eyJlMmJmYjczMC1lY2FhLTExZTYtOGY4OC0zNDM2M2JjN2M0YzAiOnsiY3JlYXRlIjo2MDAwMDAwMDAwMDAsImRlbGV0ZSI6MTIwMDAwMDAwMDAwMH0sInNjaGVtYV92ZXJzaW9uIjoiMSJ9",
          "dependencies": [
            "aws_vpc.main",
            "data.aws_availability_zones.available"
          ]
        }
      ]
    },
    {
      "mode": "managed",
      "type": "aws_vpc",
      "name": "main",
      "provider": "provider[\"registry.terraform.io/hashicorp/aws\"]",
      "instances": [
        {
          "schema_version": 1,
          "attributes": {
            "arn": "arn:aws:ec2:ap-south-1:756501293726:vpc/vpc-0ded1ddec8c82dd30",
            "assign_generated_ipv6_cidr_block": false,
            "cidr_block": "10.120.0.0/16",
            "default_network_acl_id": "acl-0ae11c00829068a80",
            "default_route_table_id": "rtb-0aa629ab8493fe304",
            "default_security_group_id": "sg-04004fe35a44fb4fc",
            "dhcp_options_id": "dopt-0a889db7646718678",
            "enable_dns_hostnames": true,
            "enable_dns_support": true,
            "enable_network_address_usage_metrics": false,
            "id": "vpc-0ded1ddec8c82dd30",
            "instance_tenancy": "default",
            "ipv4_ipam_pool_id": null,
            "ipv4_netmask_length": null,
            "ipv6_association_id": "",
            "ipv6_cidr_block": "",
            "ipv6_cidr_block_network_border_group": "",
            "ipv6_ipam_pool_id": "",
            "ipv6_netmask_length": 0,
            "main_route_table_id": "rtb-0aa629ab8493fe304",
            "owner_id": "756501293726",
            "tags": {
              "Name": "cloudpulse-cnapp-eks-vpc"
            },
            "tags_all": {
              "Environment": "Production-Demo",
              "ManagedBy": "Terraform",
              "Name": "cloudpulse-cnapp-eks-vpc",
              "Platform": "Cortex-Cloud-SecOps",
              "Project": "CloudPulse-CNAPP-Showcase"
            }
          },
          "sensitive_attributes": [],
          "identity_schema_version": 0,
          "private": "eyJzY2hlbWFfdmVyc2lvbiI6IjEifQ=="
        }
      ]
    }
  ],
  "check_results": null
}
